{
  "version": 4,
  "terraform_version": "1.1.8",
  "serial": 114,
  "lineage": "3d90072a-3a90-3b6d-dfb9-6621729ba9de",
  "outputs": {
    "private_subnet1": {
      "value": "subnet-0bcf2c2ee775cbf82",
      "type": "string"
    },
    "private_subnet2": {
      "value": "subnet-019b83180dc61d6b0",
      "type": "string"
    },
    "public_subnets": {
      "value": [
        "subnet-0ac002afdf2fe5929",
        "subnet-0abc9c9330bbd16af"
      ],
      "type": [
        "tuple",
        [
          "string",
          "string"
        ]
      ]
    },
    "security_group": {
      "value": "sg-0f36895eb1c9f0cf5",
      "type": "string"
    },
    "security_group_ec2": {
      "value": "sg-01728581956625d5e",
      "type": "string"
    },
    "subnet1": {
      "value": "subnet-0abc9c9330bbd16af",
      "type": "string"
    },
    "subnet2": {
      "value": "subnet-0ac002afdf2fe5929",
      "type": "string"
    },
    "vpc_id": {
      "value": "vpc-0eef6272bf6bd9b53",
      "type": "string"
    }
  },
  "resources": [
    {
      "mode": "data",
      "type": "aws_iam_policy_document",
      "name": "one2n_read_only",
      "provider": "provider[\"registry.terraform.io/hashicorp/aws\"]",
      "instances": [
        {
          "schema_version": 0,
          "attributes": {
            "id": "4214358280",
            "json": "{\n  \"Version\": \"2012-10-17\",\n  \"Statement\": [\n    {\n      \"Sid\": \"\",\n      \"Effect\": \"Allow\",\n      \"Action\": \"s3:GetObject\",\n      \"Resource\": \"arn:aws:s3:::one2n-tf\"\n    }\n  ]\n}",
            "override_json": null,
            "override_policy_documents": null,
            "policy_id": null,
            "source_json": null,
            "source_policy_documents": null,
            "statement": [
              {
                "actions": [
                  "s3:GetObject"
                ],
                "condition": [],
                "effect": "Allow",
                "not_actions": [],
                "not_principals": [],
                "not_resources": [],
                "principals": [],
                "resources": [
                  "arn:aws:s3:::one2n-tf"
                ],
                "sid": ""
              }
            ],
            "version": "2012-10-17"
          },
          "sensitive_attributes": []
        }
      ]
    },
    {
      "mode": "data",
      "type": "aws_iam_policy_document",
      "name": "read_write",
      "provider": "provider[\"registry.terraform.io/hashicorp/aws\"]",
      "instances": [
        {
          "schema_version": 0,
          "attributes": {
            "id": "920427775",
            "json": "{\n  \"Version\": \"2012-10-17\",\n  \"Statement\": [\n    {\n      \"Sid\": \"AllObjectActions\",\n      \"Effect\": \"Allow\",\n      \"Action\": [\n        \"s3:PutObject\",\n        \"s3:ListMultipartUploadParts\",\n        \"s3:ListBucketMultipartUploads\",\n        \"s3:ListBucket\",\n        \"s3:GetObject\",\n        \"s3:GetBucketLocation\",\n        \"s3:DeleteObject\",\n        \"s3:AbortMultipartUpload\"\n      ],\n      \"Resource\": [\n        \"arn:aws:s3:::registry-bucket-backend/*\",\n        \"arn:aws:s3:::registry-bucket-backend\"\n      ]\n    }\n  ]\n}",
            "override_json": null,
            "override_policy_documents": null,
            "policy_id": null,
            "source_json": null,
            "source_policy_documents": null,
            "statement": [
              {
                "actions": [
                  "s3:AbortMultipartUpload",
                  "s3:DeleteObject",
                  "s3:GetBucketLocation",
                  "s3:GetObject",
                  "s3:ListBucket",
                  "s3:ListBucketMultipartUploads",
                  "s3:ListMultipartUploadParts",
                  "s3:PutObject"
                ],
                "condition": [],
                "effect": "Allow",
                "not_actions": [],
                "not_principals": [],
                "not_resources": [],
                "principals": [],
                "resources": [
                  "arn:aws:s3:::registry-bucket-backend",
                  "arn:aws:s3:::registry-bucket-backend/*"
                ],
                "sid": "AllObjectActions"
              }
            ],
            "version": "2012-10-17"
          },
          "sensitive_attributes": []
        }
      ]
    },
    {
      "mode": "managed",
      "type": "aws_alb_listener",
      "name": "alb-http-listener",
      "provider": "provider[\"registry.terraform.io/hashicorp/aws\"]",
      "instances": [
        {
          "schema_version": 0,
          "attributes": {
            "alpn_policy": null,
            "arn": "arn:aws:elasticloadbalancing:ap-south-1:752417036445:listener/app/Test-one2n-alb/6a5463f4a70a0722/81f952cbea2057b2",
            "certificate_arn": null,
            "default_action": [
              {
                "authenticate_cognito": [],
                "authenticate_oidc": [],
                "fixed_response": [],
                "forward": [],
                "order": 1,
                "redirect": [],
                "target_group_arn": "arn:aws:elasticloadbalancing:ap-south-1:752417036445:targetgroup/Test-one2n-tg/96dc9f459a7f4f67",
                "type": "forward"
              }
            ],
            "id": "arn:aws:elasticloadbalancing:ap-south-1:752417036445:listener/app/Test-one2n-alb/6a5463f4a70a0722/81f952cbea2057b2",
            "load_balancer_arn": "arn:aws:elasticloadbalancing:ap-south-1:752417036445:loadbalancer/app/Test-one2n-alb/6a5463f4a70a0722",
            "port": 80,
            "protocol": "HTTP",
            "ssl_policy": "",
            "tags": {},
            "tags_all": {},
            "timeouts": null
          },
          "sensitive_attributes": [],
          "private": "eyJlMmJmYjczMC1lY2FhLTExZTYtOGY4OC0zNDM2M2JjN2M0YzAiOnsicmVhZCI6NjAwMDAwMDAwMDAwfX0=",
          "dependencies": [
            "aws_alb_target_group.my-target-group",
            "aws_lb.my-alb",
            "aws_security_group.test_sg",
            "aws_subnet.public_subnet",
            "aws_vpc.main"
          ]
        }
      ]
    },
    {
      "mode": "managed",
      "type": "aws_alb_target_group",
      "name": "my-target-group",
      "provider": "provider[\"registry.terraform.io/hashicorp/aws\"]",
      "instances": [
        {
          "schema_version": 0,
          "attributes": {
            "arn": "arn:aws:elasticloadbalancing:ap-south-1:752417036445:targetgroup/Test-one2n-tg/96dc9f459a7f4f67",
            "arn_suffix": "targetgroup/Test-one2n-tg/96dc9f459a7f4f67",
            "connection_termination": false,
            "deregistration_delay": "300",
            "health_check": [
              {
                "enabled": true,
                "healthy_threshold": 5,
                "interval": 5,
                "matcher": "200",
                "path": "/",
                "port": "80",
                "protocol": "HTTP",
                "timeout": 2,
                "unhealthy_threshold": 2
              }
            ],
            "id": "arn:aws:elasticloadbalancing:ap-south-1:752417036445:targetgroup/Test-one2n-tg/96dc9f459a7f4f67",
            "lambda_multi_value_headers_enabled": false,
            "load_balancing_algorithm_type": "round_robin",
            "name": "Test-one2n-tg",
            "name_prefix": null,
            "port": 80,
            "preserve_client_ip": null,
            "protocol": "HTTP",
            "protocol_version": "HTTP1",
            "proxy_protocol_v2": false,
            "slow_start": 0,
            "stickiness": [
              {
                "cookie_duration": 86400,
                "cookie_name": "",
                "enabled": false,
                "type": "lb_cookie"
              }
            ],
            "tags": {},
            "tags_all": {},
            "target_type": "instance",
            "vpc_id": "vpc-0eef6272bf6bd9b53"
          },
          "sensitive_attributes": [],
          "private": "bnVsbA==",
          "dependencies": [
            "aws_vpc.main"
          ]
        }
      ]
    },
    {
      "mode": "managed",
      "type": "aws_default_route_table",
      "name": "private_route",
      "provider": "provider[\"registry.terraform.io/hashicorp/aws\"]",
      "instances": [
        {
          "schema_version": 0,
          "attributes": {
            "arn": "arn:aws:ec2:ap-south-1:752417036445:route-table/rtb-0c08374b3c79a54b7",
            "default_route_table_id": "rtb-0c08374b3c79a54b7",
            "id": "rtb-0c08374b3c79a54b7",
            "owner_id": "752417036445",
            "propagating_vgws": [],
            "route": [
              {
                "cidr_block": "0.0.0.0/0",
                "core_network_arn": "",
                "destination_prefix_list_id": "",
                "egress_only_gateway_id": "",
                "gateway_id": "",
                "instance_id": "",
                "ipv6_cidr_block": "",
                "nat_gateway_id": "nat-046ee6ac778566d39",
                "network_interface_id": "",
                "transit_gateway_id": "",
                "vpc_endpoint_id": "",
                "vpc_peering_connection_id": ""
              }
            ],
            "tags": {
              "Name": "my-private-route-table"
            },
            "tags_all": {
              "Name": "my-private-route-table"
            },
            "timeouts": null,
            "vpc_id": "vpc-0eef6272bf6bd9b53"
          },
          "sensitive_attributes": [],
          "private": "eyJlMmJmYjczMC1lY2FhLTExZTYtOGY4OC0zNDM2M2JjN2M0YzAiOnsiY3JlYXRlIjoxMjAwMDAwMDAwMDAsInVwZGF0ZSI6MTIwMDAwMDAwMDAwfX0=",
          "dependencies": [
            "aws_eip.my-test-eip",
            "aws_nat_gateway.my-test-nat-gateway",
            "aws_subnet.public_subnet",
            "aws_vpc.main"
          ]
        }
      ]
    },
    {
      "mode": "managed",
      "type": "aws_ebs_volume",
      "name": "ebs_storage",
      "provider": "provider[\"registry.terraform.io/hashicorp/aws\"]",
      "instances": [
        {
          "index_key": 0,
          "schema_version": 0,
          "attributes": {
            "arn": "arn:aws:ec2:ap-south-1:752417036445:volume/vol-0f9ff4bbf9be7ac82",
            "availability_zone": "ap-south-1a",
            "encrypted": false,
            "id": "vol-0f9ff4bbf9be7ac82",
            "iops": 100,
            "kms_key_id": "",
            "multi_attach_enabled": false,
            "outpost_arn": "",
            "size": 8,
            "snapshot_id": "",
            "tags": {
              "Name": "storage-service-box-0"
            },
            "tags_all": {
              "Name": "storage-service-box-0"
            },
            "throughput": 0,
            "type": "gp2"
          },
          "sensitive_attributes": [],
          "private": "bnVsbA=="
        }
      ]
    },
    {
      "mode": "managed",
      "type": "aws_ebs_volume",
      "name": "ebs_storage1",
      "provider": "provider[\"registry.terraform.io/hashicorp/aws\"]",
      "instances": [
        {
          "index_key": 0,
          "schema_version": 0,
          "attributes": {
            "arn": "arn:aws:ec2:ap-south-1:752417036445:volume/vol-039f9fd539979a8ad",
            "availability_zone": "ap-south-1a",
            "encrypted": false,
            "id": "vol-039f9fd539979a8ad",
            "iops": 100,
            "kms_key_id": "",
            "multi_attach_enabled": false,
            "outpost_arn": "",
            "size": 8,
            "snapshot_id": "",
            "tags": {
              "Name": "storage-service-box-0"
            },
            "tags_all": {
              "Name": "storage-service-box-0"
            },
            "throughput": 0,
            "type": "gp2"
          },
          "sensitive_attributes": [],
          "private": "bnVsbA=="
        },
        {
          "index_key": 1,
          "schema_version": 0,
          "attributes": {
            "arn": "arn:aws:ec2:ap-south-1:752417036445:volume/vol-005f20ab19781841c",
            "availability_zone": "ap-south-1b",
            "encrypted": false,
            "id": "vol-005f20ab19781841c",
            "iops": 100,
            "kms_key_id": "",
            "multi_attach_enabled": false,
            "outpost_arn": "",
            "size": 8,
            "snapshot_id": "",
            "tags": {
              "Name": "storage-service-box-1"
            },
            "tags_all": {
              "Name": "storage-service-box-1"
            },
            "throughput": 0,
            "type": "gp2"
          },
          "sensitive_attributes": [],
          "private": "bnVsbA=="
        }
      ]
    },
    {
      "mode": "managed",
      "type": "aws_eip",
      "name": "my-test-eip",
      "provider": "provider[\"registry.terraform.io/hashicorp/aws\"]",
      "instances": [
        {
          "schema_version": 0,
          "attributes": {
            "address": null,
            "allocation_id": "eipalloc-0d2e136d84f79d488",
            "associate_with_private_ip": null,
            "association_id": "eipassoc-031ee50367f382933",
            "carrier_ip": "",
            "customer_owned_ip": "",
            "customer_owned_ipv4_pool": "",
            "domain": "vpc",
            "id": "eipalloc-0d2e136d84f79d488",
            "instance": "",
            "network_border_group": "ap-south-1",
            "network_interface": "eni-04e7735c196020019",
            "private_dns": "ip-172-16-1-248.ap-south-1.compute.internal",
            "private_ip": "172.16.1.248",
            "public_dns": "ec2-65-1-120-79.ap-south-1.compute.amazonaws.com",
            "public_ip": "65.1.120.79",
            "public_ipv4_pool": "amazon",
            "tags": {},
            "tags_all": {},
            "timeouts": null,
            "vpc": true
          },
          "sensitive_attributes": [],
          "private": "eyJlMmJmYjczMC1lY2FhLTExZTYtOGY4OC0zNDM2M2JjN2M0YzAiOnsiZGVsZXRlIjoxODAwMDAwMDAwMDAsInJlYWQiOjkwMDAwMDAwMDAwMCwidXBkYXRlIjozMDAwMDAwMDAwMDB9fQ=="
        }
      ]
    },
    {
      "mode": "managed",
      "type": "aws_iam_access_key",
      "name": "s3_read_only",
      "provider": "provider[\"registry.terraform.io/hashicorp/aws\"]",
      "instances": [
        {
          "schema_version": 0,
          "attributes": {
            "create_date": "2022-04-20T09:50:20Z",
            "encrypted_secret": null,
            "encrypted_ses_smtp_password_v4": null,
            "id": "AKIA26L4M3COR3XUF7FZ",
            "key_fingerprint": null,
            "pgp_key": null,
            "secret": "tv16r2KXgHzv2aapPFaHgjzOXvuzmPctsYAiWhQL",
            "ses_smtp_password_v4": "BIcZpabKu71lvQP6nJYVPp4GJUmn5HqpmTSenEmj0jBr",
            "status": "Active",
            "user": "s3-read-only"
          },
          "sensitive_attributes": [],
          "private": "bnVsbA==",
          "dependencies": [
            "aws_iam_user.s3_read_only"
          ]
        }
      ]
    },
    {
      "mode": "managed",
      "type": "aws_iam_access_key",
      "name": "s3_read_write",
      "provider": "provider[\"registry.terraform.io/hashicorp/aws\"]",
      "instances": [
        {
          "schema_version": 0,
          "attributes": {
            "create_date": "2022-04-20T09:50:21Z",
            "encrypted_secret": null,
            "encrypted_ses_smtp_password_v4": null,
            "id": "AKIA26L4M3COYZJ7QK5Y",
            "key_fingerprint": null,
            "pgp_key": null,
            "secret": "la3KXSfTQDFfbxQwYMx8zgC1K6/gzhU5MKhRv9Gn",
            "ses_smtp_password_v4": "BGCA8CzLzB77FwYEnfT35/fV1YZYzrBZF6NLc7xWrT7t",
            "status": "Active",
            "user": "s3-read-write"
          },
          "sensitive_attributes": [],
          "private": "bnVsbA==",
          "dependencies": [
            "aws_iam_user.s3_read_write"
          ]
        }
      ]
    },
    {
      "mode": "managed",
      "type": "aws_iam_user",
      "name": "s3_read_only",
      "provider": "provider[\"registry.terraform.io/hashicorp/aws\"]",
      "instances": [
        {
          "schema_version": 0,
          "attributes": {
            "arn": "arn:aws:iam::752417036445:user/s3-read-only",
            "force_destroy": false,
            "id": "s3-read-only",
            "name": "s3-read-only",
            "path": "/",
            "permissions_boundary": null,
            "tags": {
              "tag-key": "s3-read-only"
            },
            "tags_all": {
              "tag-key": "s3-read-only"
            },
            "unique_id": "AIDA26L4M3COUMKMD2JOY"
          },
          "sensitive_attributes": [],
          "private": "bnVsbA=="
        }
      ]
    },
    {
      "mode": "managed",
      "type": "aws_iam_user",
      "name": "s3_read_write",
      "provider": "provider[\"registry.terraform.io/hashicorp/aws\"]",
      "instances": [
        {
          "schema_version": 0,
          "attributes": {
            "arn": "arn:aws:iam::752417036445:user/s3-read-write",
            "force_destroy": false,
            "id": "s3-read-write",
            "name": "s3-read-write",
            "path": "/",
            "permissions_boundary": null,
            "tags": {
              "tag-key": "s3-read-write"
            },
            "tags_all": {
              "tag-key": "s3-read-write"
            },
            "unique_id": "AIDA26L4M3CO77GMNZY2I"
          },
          "sensitive_attributes": [],
          "private": "bnVsbA=="
        }
      ]
    },
    {
      "mode": "managed",
      "type": "aws_iam_user_policy",
      "name": "s3_read_only",
      "provider": "provider[\"registry.terraform.io/hashicorp/aws\"]",
      "instances": [
        {
          "schema_version": 0,
          "attributes": {
            "id": "s3-read-only:read-only-policy",
            "name": "read-only-policy",
            "name_prefix": null,
            "policy": "{\n  \"Version\": \"2012-10-17\",\n  \"Statement\": [\n    {\n      \"Sid\": \"\",\n      \"Effect\": \"Allow\",\n      \"Action\": \"s3:GetObject\",\n      \"Resource\": \"arn:aws:s3:::one2n-tf\"\n    }\n  ]\n}",
            "user": "s3-read-only"
          },
          "sensitive_attributes": [],
          "private": "bnVsbA==",
          "dependencies": [
            "aws_iam_user.s3_read_only",
            "data.aws_iam_policy_document.one2n_read_only"
          ]
        }
      ]
    },
    {
      "mode": "managed",
      "type": "aws_iam_user_policy",
      "name": "s3_read_write",
      "provider": "provider[\"registry.terraform.io/hashicorp/aws\"]",
      "instances": [
        {
          "schema_version": 0,
          "attributes": {
            "id": "s3-read-write:read-write-policy",
            "name": "read-write-policy",
            "name_prefix": null,
            "policy": "{\n  \"Version\": \"2012-10-17\",\n  \"Statement\": [\n    {\n      \"Sid\": \"AllObjectActions\",\n      \"Effect\": \"Allow\",\n      \"Action\": [\n        \"s3:PutObject\",\n        \"s3:ListMultipartUploadParts\",\n        \"s3:ListBucketMultipartUploads\",\n        \"s3:ListBucket\",\n        \"s3:GetObject\",\n        \"s3:GetBucketLocation\",\n        \"s3:DeleteObject\",\n        \"s3:AbortMultipartUpload\"\n      ],\n      \"Resource\": [\n        \"arn:aws:s3:::registry-bucket-backend/*\",\n        \"arn:aws:s3:::registry-bucket-backend\"\n      ]\n    }\n  ]\n}",
            "user": "s3-read-write"
          },
          "sensitive_attributes": [],
          "private": "bnVsbA==",
          "dependencies": [
            "aws_iam_user.s3_read_write",
            "data.aws_iam_policy_document.read_write"
          ]
        }
      ]
    },
    {
      "mode": "managed",
      "type": "aws_instance",
      "name": "bastian_instance",
      "provider": "provider[\"registry.terraform.io/hashicorp/aws\"]",
      "instances": [
        {
          "index_key": 0,
          "schema_version": 1,
          "attributes": {
            "ami": "ami-0851b76e8b1bce90b",
            "arn": "arn:aws:ec2:ap-south-1:752417036445:instance/i-04502d900f7397a07",
            "associate_public_ip_address": true,
            "availability_zone": "ap-south-1a",
            "capacity_reservation_specification": [
              {
                "capacity_reservation_preference": "open",
                "capacity_reservation_target": []
              }
            ],
            "cpu_core_count": 1,
            "cpu_threads_per_core": 1,
            "credit_specification": [
              {
                "cpu_credits": "standard"
              }
            ],
            "disable_api_termination": false,
            "ebs_block_device": [],
            "ebs_optimized": false,
            "enclave_options": [
              {
                "enabled": false
              }
            ],
            "ephemeral_block_device": [],
            "get_password_data": false,
            "hibernation": false,
            "host_id": null,
            "iam_instance_profile": "",
            "id": "i-04502d900f7397a07",
            "instance_initiated_shutdown_behavior": "stop",
            "instance_state": "running",
            "instance_type": "t2.micro",
            "ipv6_address_count": 0,
            "ipv6_addresses": [],
            "key_name": "bastian",
            "launch_template": [],
            "metadata_options": [
              {
                "http_endpoint": "enabled",
                "http_put_response_hop_limit": 1,
                "http_tokens": "optional",
                "instance_metadata_tags": "disabled"
              }
            ],
            "monitoring": false,
            "network_interface": [],
            "outpost_arn": "",
            "password_data": "",
            "placement_group": "",
            "placement_partition_number": null,
            "primary_network_interface_id": "eni-0893133cd4be3c138",
            "private_dns": "ip-172-16-1-114.ap-south-1.compute.internal",
            "private_ip": "172.16.1.114",
            "public_dns": "ec2-13-232-12-5.ap-south-1.compute.amazonaws.com",
            "public_ip": "13.232.12.5",
            "root_block_device": [
              {
                "delete_on_termination": true,
                "device_name": "/dev/sda1",
                "encrypted": false,
                "iops": 100,
                "kms_key_id": "",
                "tags": {},
                "throughput": 0,
                "volume_id": "vol-05de4b7fbb13d525f",
                "volume_size": 8,
                "volume_type": "gp2"
              }
            ],
            "secondary_private_ips": [],
            "security_groups": [],
            "source_dest_check": true,
            "subnet_id": "subnet-0ac002afdf2fe5929",
            "tags": {
              "Name": "BastianAppServerInstance-1"
            },
            "tags_all": {
              "Name": "BastianAppServerInstance-1"
            },
            "tenancy": "default",
            "timeouts": null,
            "user_data": null,
            "user_data_base64": null,
            "user_data_replace_on_change": false,
            "volume_tags": null,
            "vpc_security_group_ids": [
              "sg-01728581956625d5e"
            ]
          },
          "sensitive_attributes": [],
          "private": "eyJlMmJmYjczMC1lY2FhLTExZTYtOGY4OC0zNDM2M2JjN2M0YzAiOnsiY3JlYXRlIjo2MDAwMDAwMDAwMDAsImRlbGV0ZSI6MTIwMDAwMDAwMDAwMCwidXBkYXRlIjo2MDAwMDAwMDAwMDB9LCJzY2hlbWFfdmVyc2lvbiI6IjEifQ==",
          "dependencies": [
            "aws_security_group.ec2_sg",
            "aws_security_group.test_sg",
            "aws_subnet.public_subnet",
            "aws_vpc.main"
          ]
        },
        {
          "index_key": 1,
          "schema_version": 1,
          "attributes": {
            "ami": "ami-0851b76e8b1bce90b",
            "arn": "arn:aws:ec2:ap-south-1:752417036445:instance/i-08068e341b218f164",
            "associate_public_ip_address": true,
            "availability_zone": "ap-south-1b",
            "capacity_reservation_specification": [
              {
                "capacity_reservation_preference": "open",
                "capacity_reservation_target": []
              }
            ],
            "cpu_core_count": 1,
            "cpu_threads_per_core": 1,
            "credit_specification": [
              {
                "cpu_credits": "standard"
              }
            ],
            "disable_api_termination": false,
            "ebs_block_device": [],
            "ebs_optimized": false,
            "enclave_options": [
              {
                "enabled": false
              }
            ],
            "ephemeral_block_device": [],
            "get_password_data": false,
            "hibernation": false,
            "host_id": null,
            "iam_instance_profile": "",
            "id": "i-08068e341b218f164",
            "instance_initiated_shutdown_behavior": "stop",
            "instance_state": "running",
            "instance_type": "t2.micro",
            "ipv6_address_count": 0,
            "ipv6_addresses": [],
            "key_name": "bastian",
            "launch_template": [],
            "metadata_options": [
              {
                "http_endpoint": "enabled",
                "http_put_response_hop_limit": 1,
                "http_tokens": "optional",
                "instance_metadata_tags": "disabled"
              }
            ],
            "monitoring": false,
            "network_interface": [],
            "outpost_arn": "",
            "password_data": "",
            "placement_group": "",
            "placement_partition_number": null,
            "primary_network_interface_id": "eni-04cc9214ab3e4bfaf",
            "private_dns": "ip-172-16-2-151.ap-south-1.compute.internal",
            "private_ip": "172.16.2.151",
            "public_dns": "ec2-35-154-83-201.ap-south-1.compute.amazonaws.com",
            "public_ip": "35.154.83.201",
            "root_block_device": [
              {
                "delete_on_termination": true,
                "device_name": "/dev/sda1",
                "encrypted": false,
                "iops": 100,
                "kms_key_id": "",
                "tags": {},
                "throughput": 0,
                "volume_id": "vol-0304069bbd84aecc4",
                "volume_size": 8,
                "volume_type": "gp2"
              }
            ],
            "secondary_private_ips": [],
            "security_groups": [],
            "source_dest_check": true,
            "subnet_id": "subnet-0abc9c9330bbd16af",
            "tags": {
              "Name": "BastianAppServerInstance-2"
            },
            "tags_all": {
              "Name": "BastianAppServerInstance-2"
            },
            "tenancy": "default",
            "timeouts": null,
            "user_data": null,
            "user_data_base64": null,
            "user_data_replace_on_change": false,
            "volume_tags": null,
            "vpc_security_group_ids": [
              "sg-01728581956625d5e"
            ]
          },
          "sensitive_attributes": [],
          "private": "eyJlMmJmYjczMC1lY2FhLTExZTYtOGY4OC0zNDM2M2JjN2M0YzAiOnsiY3JlYXRlIjo2MDAwMDAwMDAwMDAsImRlbGV0ZSI6MTIwMDAwMDAwMDAwMCwidXBkYXRlIjo2MDAwMDAwMDAwMDB9LCJzY2hlbWFfdmVyc2lvbiI6IjEifQ==",
          "dependencies": [
            "aws_security_group.ec2_sg",
            "aws_security_group.test_sg",
            "aws_subnet.public_subnet",
            "aws_vpc.main"
          ]
        }
      ]
    },
    {
      "mode": "managed",
      "type": "aws_instance",
      "name": "service_instance",
      "provider": "provider[\"registry.terraform.io/hashicorp/aws\"]",
      "instances": [
        {
          "index_key": 0,
          "schema_version": 1,
          "attributes": {
            "ami": "ami-0851b76e8b1bce90b",
            "arn": "arn:aws:ec2:ap-south-1:752417036445:instance/i-0aebd544e048493a7",
            "associate_public_ip_address": false,
            "availability_zone": "ap-south-1a",
            "capacity_reservation_specification": [
              {
                "capacity_reservation_preference": "open",
                "capacity_reservation_target": []
              }
            ],
            "cpu_core_count": 1,
            "cpu_threads_per_core": 1,
            "credit_specification": [
              {
                "cpu_credits": "standard"
              }
            ],
            "disable_api_termination": false,
            "ebs_block_device": [
              {
                "delete_on_termination": false,
                "device_name": "/dev/sdh",
                "encrypted": false,
                "iops": 100,
                "kms_key_id": "",
                "snapshot_id": "",
                "tags": {
                  "Name": "storage-service-box-0"
                },
                "throughput": 0,
                "volume_id": "vol-0f9ff4bbf9be7ac82",
                "volume_size": 8,
                "volume_type": "gp2"
              }
            ],
            "ebs_optimized": false,
            "enclave_options": [
              {
                "enabled": false
              }
            ],
            "ephemeral_block_device": [],
            "get_password_data": false,
            "hibernation": false,
            "host_id": null,
            "iam_instance_profile": "",
            "id": "i-0aebd544e048493a7",
            "instance_initiated_shutdown_behavior": "stop",
            "instance_state": "running",
            "instance_type": "t2.micro",
            "ipv6_address_count": 0,
            "ipv6_addresses": [],
            "key_name": "bastian",
            "launch_template": [],
            "metadata_options": [
              {
                "http_endpoint": "enabled",
                "http_put_response_hop_limit": 1,
                "http_tokens": "optional",
                "instance_metadata_tags": "disabled"
              }
            ],
            "monitoring": false,
            "network_interface": [],
            "outpost_arn": "",
            "password_data": "",
            "placement_group": "",
            "placement_partition_number": null,
            "primary_network_interface_id": "eni-057d225bf03785a6c",
            "private_dns": "ip-172-16-3-105.ap-south-1.compute.internal",
            "private_ip": "172.16.3.105",
            "public_dns": "",
            "public_ip": "",
            "root_block_device": [
              {
                "delete_on_termination": true,
                "device_name": "/dev/sda1",
                "encrypted": false,
                "iops": 100,
                "kms_key_id": "",
                "tags": {},
                "throughput": 0,
                "volume_id": "vol-0fd86fd4f9855175e",
                "volume_size": 8,
                "volume_type": "gp2"
              }
            ],
            "secondary_private_ips": [],
            "security_groups": [],
            "source_dest_check": true,
            "subnet_id": "subnet-019b83180dc61d6b0",
            "tags": {
              "Name": "ServiceAppServerInstance-1"
            },
            "tags_all": {
              "Name": "ServiceAppServerInstance-1"
            },
            "tenancy": "default",
            "timeouts": null,
            "user_data": null,
            "user_data_base64": null,
            "user_data_replace_on_change": false,
            "volume_tags": null,
            "vpc_security_group_ids": [
              "sg-01728581956625d5e"
            ]
          },
          "sensitive_attributes": [],
          "private": "eyJlMmJmYjczMC1lY2FhLTExZTYtOGY4OC0zNDM2M2JjN2M0YzAiOnsiY3JlYXRlIjo2MDAwMDAwMDAwMDAsImRlbGV0ZSI6MTIwMDAwMDAwMDAwMCwidXBkYXRlIjo2MDAwMDAwMDAwMDB9LCJzY2hlbWFfdmVyc2lvbiI6IjEifQ==",
          "dependencies": [
            "aws_security_group.ec2_sg",
            "aws_security_group.test_sg",
            "aws_subnet.private_subnet",
            "aws_vpc.main"
          ]
        }
      ]
    },
    {
      "mode": "managed",
      "type": "aws_instance",
      "name": "service_instance-1",
      "provider": "provider[\"registry.terraform.io/hashicorp/aws\"]",
      "instances": [
        {
          "index_key": 0,
          "schema_version": 1,
          "attributes": {
            "ami": "ami-0851b76e8b1bce90b",
            "arn": "arn:aws:ec2:ap-south-1:752417036445:instance/i-07e71ba546dc33af8",
            "associate_public_ip_address": false,
            "availability_zone": "ap-south-1a",
            "capacity_reservation_specification": [
              {
                "capacity_reservation_preference": "open",
                "capacity_reservation_target": []
              }
            ],
            "cpu_core_count": 1,
            "cpu_threads_per_core": 1,
            "credit_specification": [
              {
                "cpu_credits": "standard"
              }
            ],
            "disable_api_termination": false,
            "ebs_block_device": [],
            "ebs_optimized": false,
            "enclave_options": [
              {
                "enabled": false
              }
            ],
            "ephemeral_block_device": [],
            "get_password_data": false,
            "hibernation": false,
            "host_id": null,
            "iam_instance_profile": "",
            "id": "i-07e71ba546dc33af8",
            "instance_initiated_shutdown_behavior": "stop",
            "instance_state": "running",
            "instance_type": "t2.micro",
            "ipv6_address_count": 0,
            "ipv6_addresses": [],
            "key_name": "bastian",
            "launch_template": [],
            "metadata_options": [
              {
                "http_endpoint": "enabled",
                "http_put_response_hop_limit": 1,
                "http_tokens": "optional",
                "instance_metadata_tags": "disabled"
              }
            ],
            "monitoring": false,
            "network_interface": [],
            "outpost_arn": "",
            "password_data": "",
            "placement_group": "",
            "placement_partition_number": null,
            "primary_network_interface_id": "eni-0cf00729f407ec279",
            "private_dns": "ip-172-16-3-125.ap-south-1.compute.internal",
            "private_ip": "172.16.3.125",
            "public_dns": "",
            "public_ip": "",
            "root_block_device": [
              {
                "delete_on_termination": true,
                "device_name": "/dev/sda1",
                "encrypted": false,
                "iops": 100,
                "kms_key_id": "",
                "tags": {},
                "throughput": 0,
                "volume_id": "vol-0522c4bdb9950c958",
                "volume_size": 8,
                "volume_type": "gp2"
              }
            ],
            "secondary_private_ips": [],
            "security_groups": [],
            "source_dest_check": true,
            "subnet_id": "subnet-019b83180dc61d6b0",
            "tags": {
              "Name": "ServiceAppServerInstance-1"
            },
            "tags_all": {
              "Name": "ServiceAppServerInstance-1"
            },
            "tenancy": "default",
            "timeouts": null,
            "user_data": null,
            "user_data_base64": null,
            "user_data_replace_on_change": false,
            "volume_tags": null,
            "vpc_security_group_ids": [
              "sg-01728581956625d5e"
            ]
          },
          "sensitive_attributes": [],
          "private": "eyJlMmJmYjczMC1lY2FhLTExZTYtOGY4OC0zNDM2M2JjN2M0YzAiOnsiY3JlYXRlIjo2MDAwMDAwMDAwMDAsImRlbGV0ZSI6MTIwMDAwMDAwMDAwMCwidXBkYXRlIjo2MDAwMDAwMDAwMDB9LCJzY2hlbWFfdmVyc2lvbiI6IjEifQ==",
          "dependencies": [
            "aws_security_group.ec2_sg",
            "aws_security_group.test_sg",
            "aws_subnet.private_subnet",
            "aws_vpc.main"
          ]
        },
        {
          "index_key": 1,
          "schema_version": 1,
          "attributes": {
            "ami": "ami-0851b76e8b1bce90b",
            "arn": "arn:aws:ec2:ap-south-1:752417036445:instance/i-02f555feb1a898823",
            "associate_public_ip_address": false,
            "availability_zone": "ap-south-1b",
            "capacity_reservation_specification": [
              {
                "capacity_reservation_preference": "open",
                "capacity_reservation_target": []
              }
            ],
            "cpu_core_count": 1,
            "cpu_threads_per_core": 1,
            "credit_specification": [
              {
                "cpu_credits": "standard"
              }
            ],
            "disable_api_termination": false,
            "ebs_block_device": [],
            "ebs_optimized": false,
            "enclave_options": [
              {
                "enabled": false
              }
            ],
            "ephemeral_block_device": [],
            "get_password_data": false,
            "hibernation": false,
            "host_id": null,
            "iam_instance_profile": "",
            "id": "i-02f555feb1a898823",
            "instance_initiated_shutdown_behavior": "stop",
            "instance_state": "running",
            "instance_type": "t2.micro",
            "ipv6_address_count": 0,
            "ipv6_addresses": [],
            "key_name": "bastian",
            "launch_template": [],
            "metadata_options": [
              {
                "http_endpoint": "enabled",
                "http_put_response_hop_limit": 1,
                "http_tokens": "optional",
                "instance_metadata_tags": "disabled"
              }
            ],
            "monitoring": false,
            "network_interface": [],
            "outpost_arn": "",
            "password_data": "",
            "placement_group": "",
            "placement_partition_number": null,
            "primary_network_interface_id": "eni-0bed7918a0fdca6f3",
            "private_dns": "ip-172-16-4-171.ap-south-1.compute.internal",
            "private_ip": "172.16.4.171",
            "public_dns": "",
            "public_ip": "",
            "root_block_device": [
              {
                "delete_on_termination": true,
                "device_name": "/dev/sda1",
                "encrypted": false,
                "iops": 100,
                "kms_key_id": "",
                "tags": {},
                "throughput": 0,
                "volume_id": "vol-04c1dd185ac61b4de",
                "volume_size": 8,
                "volume_type": "gp2"
              }
            ],
            "secondary_private_ips": [],
            "security_groups": [],
            "source_dest_check": true,
            "subnet_id": "subnet-0bcf2c2ee775cbf82",
            "tags": {
              "Name": "ServiceAppServerInstance-2"
            },
            "tags_all": {
              "Name": "ServiceAppServerInstance-2"
            },
            "tenancy": "default",
            "timeouts": null,
            "user_data": null,
            "user_data_base64": null,
            "user_data_replace_on_change": false,
            "volume_tags": null,
            "vpc_security_group_ids": [
              "sg-01728581956625d5e"
            ]
          },
          "sensitive_attributes": [],
          "private": "eyJlMmJmYjczMC1lY2FhLTExZTYtOGY4OC0zNDM2M2JjN2M0YzAiOnsiY3JlYXRlIjo2MDAwMDAwMDAwMDAsImRlbGV0ZSI6MTIwMDAwMDAwMDAwMCwidXBkYXRlIjo2MDAwMDAwMDAwMDB9LCJzY2hlbWFfdmVyc2lvbiI6IjEifQ==",
          "dependencies": [
            "aws_security_group.ec2_sg",
            "aws_security_group.test_sg",
            "aws_subnet.private_subnet",
            "aws_vpc.main"
          ]
        }
      ]
    },
    {
      "mode": "managed",
      "type": "aws_internet_gateway",
      "name": "gw",
      "provider": "provider[\"registry.terraform.io/hashicorp/aws\"]",
      "instances": [
        {
          "schema_version": 0,
          "attributes": {
            "arn": "arn:aws:ec2:ap-south-1:752417036445:internet-gateway/igw-0ecb6d8a36e33b136",
            "id": "igw-0ecb6d8a36e33b136",
            "owner_id": "752417036445",
            "tags": {
              "Name": "my-test-igw"
            },
            "tags_all": {
              "Name": "my-test-igw"
            },
            "vpc_id": "vpc-0eef6272bf6bd9b53"
          },
          "sensitive_attributes": [],
          "private": "bnVsbA==",
          "dependencies": [
            "aws_vpc.main"
          ]
        }
      ]
    },
    {
      "mode": "managed",
      "type": "aws_key_pair",
      "name": "kp",
      "provider": "provider[\"registry.terraform.io/hashicorp/aws\"]",
      "instances": [
        {
          "schema_version": 1,
          "attributes": {
            "arn": "arn:aws:ec2:ap-south-1:752417036445:key-pair/bastian",
            "fingerprint": "e5:3a:62:34:05:63:7e:c8:27:c5:a4:15:1d:8c:38:4d",
            "id": "bastian",
            "key_name": "bastian",
            "key_name_prefix": "",
            "key_pair_id": "key-08d4db3b3255080cb",
            "public_key": "ssh-rsa AAAAB3NzaC1yc2EAAAADAQABAAACAQDIe/g7HqSL96tYIBU6/aQMA7PaccqHc9U8LaMxJj7Diihw1IwoV9vJ+XxIoM9K+rElGk3BQ+HViSX6ud13TQsnjQ1egMh1I10Pwp2BTgh7HuuduVTy7J+vc596o6y+u2AZajGNwmwkObPo0dtBm2jbG8pOzwI8rPCVGdQ9Fp8GlRPbEdFE5V1wFx/sC0vLfCCIjFesRlcHiHO87amC3ryTtbEqRCgaVKaRQK+8Wgs9wTX7a1ixFi28kjcSHsM0iciShg5+NCz0RRWkRBRuK4xurn6DBWqgvDxSFcKjJjo+g5aEWPjreVd048APX/kUOGhuqATjVf2E3XbckTIf7RkJgyYtxOKTxIC/O8/Ygqv1jplFUqGk8kTXJemC+QsXBPcBPJFdc+cYTjR+66B6u5TewtXrdtdJtn6Gzt7yXOzulX2Iv30Zu9ZVNbEIteim0rrCI0/2fmFjHbnPYWFV7eecmqLyCQFaWiMdxoWghJkdXCLupc+AozMNJlPHWRsuEHBxTDhYLb9D6aROn8VVwg0Pqor/Qr/bTDMla55++50CdsnHmEOEJUSdT7zDYeq5Yo1tBAAAQs0w+1ClbXBGKlsGLgT544xtNKoAhdVovOyQyQdK+3Oj9qnvhwnumv2cUVr1907fMBdL3WRctHFb1wUY/vWqTBXhe3aiHSJbOBa/HQ==",
            "tags": {},
            "tags_all": {}
          },
          "sensitive_attributes": [],
          "private": "eyJzY2hlbWFfdmVyc2lvbiI6IjEifQ==",
          "dependencies": [
            "tls_private_key.aws-key"
          ]
        }
      ]
    },
    {
      "mode": "managed",
      "type": "aws_lb",
      "name": "my-alb",
      "provider": "provider[\"registry.terraform.io/hashicorp/aws\"]",
      "instances": [
        {
          "schema_version": 0,
          "attributes": {
            "access_logs": [
              {
                "bucket": "",
                "enabled": false,
                "prefix": ""
              }
            ],
            "arn": "arn:aws:elasticloadbalancing:ap-south-1:752417036445:loadbalancer/app/Test-one2n-alb/6a5463f4a70a0722",
            "arn_suffix": "app/Test-one2n-alb/6a5463f4a70a0722",
            "customer_owned_ipv4_pool": "",
            "desync_mitigation_mode": "defensive",
            "dns_name": "Test-one2n-alb-1890758650.ap-south-1.elb.amazonaws.com",
            "drop_invalid_header_fields": false,
            "enable_cross_zone_load_balancing": null,
            "enable_deletion_protection": false,
            "enable_http2": true,
            "enable_waf_fail_open": false,
            "id": "arn:aws:elasticloadbalancing:ap-south-1:752417036445:loadbalancer/app/Test-one2n-alb/6a5463f4a70a0722",
            "idle_timeout": 60,
            "internal": false,
            "ip_address_type": "ipv4",
            "load_balancer_type": "application",
            "name": "Test-one2n-alb",
            "name_prefix": null,
            "security_groups": [
              "sg-0f36895eb1c9f0cf5"
            ],
            "subnet_mapping": [
              {
                "allocation_id": "",
                "ipv6_address": "",
                "outpost_id": "",
                "private_ipv4_address": "",
                "subnet_id": "subnet-0abc9c9330bbd16af"
              },
              {
                "allocation_id": "",
                "ipv6_address": "",
                "outpost_id": "",
                "private_ipv4_address": "",
                "subnet_id": "subnet-0ac002afdf2fe5929"
              }
            ],
            "subnets": [
              "subnet-0abc9c9330bbd16af",
              "subnet-0ac002afdf2fe5929"
            ],
            "tags": {},
            "tags_all": {},
            "timeouts": null,
            "vpc_id": "vpc-0eef6272bf6bd9b53",
            "zone_id": "ZP97RAFLXTNZK"
          },
          "sensitive_attributes": [],
          "private": "eyJlMmJmYjczMC1lY2FhLTExZTYtOGY4OC0zNDM2M2JjN2M0YzAiOnsiY3JlYXRlIjo2MDAwMDAwMDAwMDAsImRlbGV0ZSI6NjAwMDAwMDAwMDAwLCJ1cGRhdGUiOjYwMDAwMDAwMDAwMH19",
          "dependencies": [
            "aws_security_group.test_sg",
            "aws_subnet.public_subnet",
            "aws_vpc.main"
          ]
        }
      ]
    },
    {
      "mode": "managed",
      "type": "aws_lb_target_group_attachment",
      "name": "my_alb_tg",
      "provider": "provider[\"registry.terraform.io/hashicorp/aws\"]",
      "instances": [
        {
          "index_key": 0,
          "schema_version": 0,
          "attributes": {
            "availability_zone": null,
            "id": "arn:aws:elasticloadbalancing:ap-south-1:752417036445:targetgroup/Test-one2n-tg/96dc9f459a7f4f67-20220420115338294800000002",
            "port": 80,
            "target_group_arn": "arn:aws:elasticloadbalancing:ap-south-1:752417036445:targetgroup/Test-one2n-tg/96dc9f459a7f4f67",
            "target_id": "i-07e71ba546dc33af8"
          },
          "sensitive_attributes": [],
          "private": "bnVsbA==",
          "dependencies": [
            "aws_alb_target_group.my-target-group",
            "aws_instance.service_instance-1",
            "aws_vpc.main"
          ]
        },
        {
          "index_key": 1,
          "schema_version": 0,
          "attributes": {
            "availability_zone": null,
            "id": "arn:aws:elasticloadbalancing:ap-south-1:752417036445:targetgroup/Test-one2n-tg/96dc9f459a7f4f67-20220420115338313300000003",
            "port": 80,
            "target_group_arn": "arn:aws:elasticloadbalancing:ap-south-1:752417036445:targetgroup/Test-one2n-tg/96dc9f459a7f4f67",
            "target_id": "i-02f555feb1a898823"
          },
          "sensitive_attributes": [],
          "private": "bnVsbA==",
          "dependencies": [
            "aws_alb_target_group.my-target-group",
            "aws_instance.service_instance-1",
            "aws_vpc.main"
          ]
        }
      ]
    },
    {
      "mode": "managed",
      "type": "aws_lb_target_group_attachment",
      "name": "my_alb_tg1",
      "provider": "provider[\"registry.terraform.io/hashicorp/aws\"]",
      "instances": [
        {
          "index_key": 0,
          "schema_version": 0,
          "attributes": {
            "availability_zone": null,
            "id": "arn:aws:elasticloadbalancing:ap-south-1:752417036445:targetgroup/Test-one2n-tg/96dc9f459a7f4f67-20220420115338092300000001",
            "port": 80,
            "target_group_arn": "arn:aws:elasticloadbalancing:ap-south-1:752417036445:targetgroup/Test-one2n-tg/96dc9f459a7f4f67",
            "target_id": "i-0aebd544e048493a7"
          },
          "sensitive_attributes": [],
          "private": "bnVsbA==",
          "dependencies": [
            "aws_alb_target_group.my-target-group",
            "aws_instance.service_instance",
            "aws_vpc.main"
          ]
        }
      ]
    },
    {
      "mode": "managed",
      "type": "aws_nat_gateway",
      "name": "my-test-nat-gateway",
      "provider": "provider[\"registry.terraform.io/hashicorp/aws\"]",
      "instances": [
        {
          "schema_version": 0,
          "attributes": {
            "allocation_id": "eipalloc-0d2e136d84f79d488",
            "connectivity_type": "public",
            "id": "nat-046ee6ac778566d39",
            "network_interface_id": "eni-04e7735c196020019",
            "private_ip": "172.16.1.248",
            "public_ip": "65.1.120.79",
            "subnet_id": "subnet-0ac002afdf2fe5929",
            "tags": {},
            "tags_all": {}
          },
          "sensitive_attributes": [],
          "private": "bnVsbA==",
          "dependencies": [
            "aws_eip.my-test-eip",
            "aws_subnet.public_subnet",
            "aws_vpc.main"
          ]
        }
      ]
    },
    {
      "mode": "managed",
      "type": "aws_route_table",
      "name": "public_route",
      "provider": "provider[\"registry.terraform.io/hashicorp/aws\"]",
      "instances": [
        {
          "schema_version": 0,
          "attributes": {
            "arn": "arn:aws:ec2:ap-south-1:752417036445:route-table/rtb-0d907931f6b78fd3f",
            "id": "rtb-0d907931f6b78fd3f",
            "owner_id": "752417036445",
            "propagating_vgws": [],
            "route": [
              {
                "carrier_gateway_id": "",
                "cidr_block": "0.0.0.0/0",
                "core_network_arn": "",
                "destination_prefix_list_id": "",
                "egress_only_gateway_id": "",
                "gateway_id": "igw-0ecb6d8a36e33b136",
                "instance_id": "",
                "ipv6_cidr_block": "",
                "local_gateway_id": "",
                "nat_gateway_id": "",
                "network_interface_id": "",
                "transit_gateway_id": "",
                "vpc_endpoint_id": "",
                "vpc_peering_connection_id": ""
              }
            ],
            "tags": {
              "Name": "my-test-public-route"
            },
            "tags_all": {
              "Name": "my-test-public-route"
            },
            "timeouts": null,
            "vpc_id": "vpc-0eef6272bf6bd9b53"
          },
          "sensitive_attributes": [],
          "private": "eyJlMmJmYjczMC1lY2FhLTExZTYtOGY4OC0zNDM2M2JjN2M0YzAiOnsiY3JlYXRlIjozMDAwMDAwMDAwMDAsImRlbGV0ZSI6MzAwMDAwMDAwMDAwLCJ1cGRhdGUiOjEyMDAwMDAwMDAwMH19",
          "dependencies": [
            "aws_internet_gateway.gw",
            "aws_vpc.main"
          ]
        }
      ]
    },
    {
      "mode": "managed",
      "type": "aws_route_table_association",
      "name": "private_subnet_assoc",
      "provider": "provider[\"registry.terraform.io/hashicorp/aws\"]",
      "instances": [
        {
          "index_key": 0,
          "schema_version": 0,
          "attributes": {
            "gateway_id": "",
            "id": "rtbassoc-0af25d65b5580176f",
            "route_table_id": "rtb-0c08374b3c79a54b7",
            "subnet_id": "subnet-019b83180dc61d6b0"
          },
          "sensitive_attributes": [],
          "private": "bnVsbA==",
          "dependencies": [
            "aws_default_route_table.private_route",
            "aws_eip.my-test-eip",
            "aws_nat_gateway.my-test-nat-gateway",
            "aws_subnet.private_subnet",
            "aws_subnet.public_subnet",
            "aws_vpc.main"
          ]
        },
        {
          "index_key": 1,
          "schema_version": 0,
          "attributes": {
            "gateway_id": "",
            "id": "rtbassoc-026f2094906e9ddb4",
            "route_table_id": "rtb-0c08374b3c79a54b7",
            "subnet_id": "subnet-0bcf2c2ee775cbf82"
          },
          "sensitive_attributes": [],
          "private": "bnVsbA==",
          "dependencies": [
            "aws_default_route_table.private_route",
            "aws_eip.my-test-eip",
            "aws_nat_gateway.my-test-nat-gateway",
            "aws_subnet.private_subnet",
            "aws_subnet.public_subnet",
            "aws_vpc.main"
          ]
        }
      ]
    },
    {
      "mode": "managed",
      "type": "aws_route_table_association",
      "name": "public_subnet_assoc",
      "provider": "provider[\"registry.terraform.io/hashicorp/aws\"]",
      "instances": [
        {
          "index_key": 0,
          "schema_version": 0,
          "attributes": {
            "gateway_id": "",
            "id": "rtbassoc-0953688015de67d09",
            "route_table_id": "rtb-0d907931f6b78fd3f",
            "subnet_id": "subnet-0ac002afdf2fe5929"
          },
          "sensitive_attributes": [],
          "private": "bnVsbA==",
          "dependencies": [
            "aws_internet_gateway.gw",
            "aws_route_table.public_route",
            "aws_subnet.public_subnet",
            "aws_vpc.main"
          ]
        },
        {
          "index_key": 1,
          "schema_version": 0,
          "attributes": {
            "gateway_id": "",
            "id": "rtbassoc-01ed3940366b5de56",
            "route_table_id": "rtb-0d907931f6b78fd3f",
            "subnet_id": "subnet-0abc9c9330bbd16af"
          },
          "sensitive_attributes": [],
          "private": "bnVsbA==",
          "dependencies": [
            "aws_internet_gateway.gw",
            "aws_route_table.public_route",
            "aws_subnet.public_subnet",
            "aws_vpc.main"
          ]
        }
      ]
    },
    {
      "mode": "managed",
      "type": "aws_s3_bucket",
      "name": "one2n-bucket",
      "provider": "provider[\"registry.terraform.io/hashicorp/aws\"]",
      "instances": [
        {
          "schema_version": 0,
          "attributes": {
            "acceleration_status": "",
            "acl": "private",
            "arn": "arn:aws:s3:::one2n-tf",
            "bucket": "one2n-tf",
            "bucket_domain_name": "one2n-tf.s3.amazonaws.com",
            "bucket_prefix": null,
            "bucket_regional_domain_name": "one2n-tf.s3.ap-south-1.amazonaws.com",
            "cors_rule": [],
            "force_destroy": false,
            "grant": [
              {
                "id": "b7736c2098620135f52ad557d3cbf460ad2dcc749874509a5e2d6b2168a2670e",
                "permissions": [
                  "FULL_CONTROL"
                ],
                "type": "CanonicalUser",
                "uri": ""
              }
            ],
            "hosted_zone_id": "Z11RGJOFQNVJUP",
            "id": "one2n-tf",
            "lifecycle_rule": [],
            "logging": [],
            "object_lock_configuration": [],
            "object_lock_enabled": false,
            "policy": "",
            "region": "ap-south-1",
            "replication_configuration": [],
            "request_payer": "BucketOwner",
            "server_side_encryption_configuration": [],
            "tags": {
              "Name": "one2n bucket"
            },
            "tags_all": {
              "Name": "one2n bucket"
            },
            "versioning": [
              {
                "enabled": false,
                "mfa_delete": false
              }
            ],
            "website": [],
            "website_domain": null,
            "website_endpoint": null
          },
          "sensitive_attributes": [],
          "private": "bnVsbA=="
        }
      ]
    },
    {
      "mode": "managed",
      "type": "aws_security_group",
      "name": "ec2_sg",
      "provider": "provider[\"registry.terraform.io/hashicorp/aws\"]",
      "instances": [
        {
          "schema_version": 1,
          "attributes": {
            "arn": "arn:aws:ec2:ap-south-1:752417036445:security-group/sg-01728581956625d5e",
            "description": "security group to allow inbound/outbound from the Application load balancer",
            "egress": [
              {
                "cidr_blocks": [
                  "0.0.0.0/0"
                ],
                "description": "",
                "from_port": 0,
                "ipv6_cidr_blocks": [],
                "prefix_list_ids": [],
                "protocol": "-1",
                "security_groups": [],
                "self": false,
                "to_port": 0
              }
            ],
            "id": "sg-01728581956625d5e",
            "ingress": [
              {
                "cidr_blocks": [
                  "0.0.0.0/0"
                ],
                "description": "",
                "from_port": 22,
                "ipv6_cidr_blocks": [],
                "prefix_list_ids": [],
                "protocol": "tcp",
                "security_groups": [
                  "sg-0f36895eb1c9f0cf5"
                ],
                "self": false,
                "to_port": 22
              }
            ],
            "name": "Test-one2n-ec2-sg",
            "name_prefix": "",
            "owner_id": "752417036445",
            "revoke_rules_on_delete": false,
            "tags": {},
            "tags_all": {},
            "timeouts": null,
            "vpc_id": "vpc-0eef6272bf6bd9b53"
          },
          "sensitive_attributes": [],
          "private": "eyJlMmJmYjczMC1lY2FhLTExZTYtOGY4OC0zNDM2M2JjN2M0YzAiOnsiY3JlYXRlIjo2MDAwMDAwMDAwMDAsImRlbGV0ZSI6OTAwMDAwMDAwMDAwfSwic2NoZW1hX3ZlcnNpb24iOiIxIn0=",
          "dependencies": [
            "aws_security_group.test_sg",
            "aws_vpc.main"
          ]
        }
      ]
    },
    {
      "mode": "managed",
      "type": "aws_security_group",
      "name": "test_sg",
      "provider": "provider[\"registry.terraform.io/hashicorp/aws\"]",
      "instances": [
        {
          "schema_version": 1,
          "attributes": {
            "arn": "arn:aws:ec2:ap-south-1:752417036445:security-group/sg-0f36895eb1c9f0cf5",
            "description": "Managed by Terraform",
            "egress": [
              {
                "cidr_blocks": [
                  "0.0.0.0/0"
                ],
                "description": "",
                "from_port": 0,
                "ipv6_cidr_blocks": [],
                "prefix_list_ids": [],
                "protocol": "-1",
                "security_groups": [],
                "self": false,
                "to_port": 0
              }
            ],
            "id": "sg-0f36895eb1c9f0cf5",
            "ingress": [
              {
                "cidr_blocks": [
                  "0.0.0.0/0"
                ],
                "description": "",
                "from_port": 443,
                "ipv6_cidr_blocks": [],
                "prefix_list_ids": [],
                "protocol": "tcp",
                "security_groups": [],
                "self": false,
                "to_port": 443
              },
              {
                "cidr_blocks": [
                  "0.0.0.0/0"
                ],
                "description": "",
                "from_port": 80,
                "ipv6_cidr_blocks": [],
                "prefix_list_ids": [],
                "protocol": "tcp",
                "security_groups": [],
                "self": false,
                "to_port": 80
              }
            ],
            "name": "my-test-sg",
            "name_prefix": "",
            "owner_id": "752417036445",
            "revoke_rules_on_delete": false,
            "tags": {},
            "tags_all": {},
            "timeouts": null,
            "vpc_id": "vpc-0eef6272bf6bd9b53"
          },
          "sensitive_attributes": [],
          "private": "eyJlMmJmYjczMC1lY2FhLTExZTYtOGY4OC0zNDM2M2JjN2M0YzAiOnsiY3JlYXRlIjo2MDAwMDAwMDAwMDAsImRlbGV0ZSI6OTAwMDAwMDAwMDAwfSwic2NoZW1hX3ZlcnNpb24iOiIxIn0=",
          "dependencies": [
            "aws_vpc.main"
          ]
        }
      ]
    },
    {
      "mode": "managed",
      "type": "aws_security_group_rule",
      "name": "all_outbound_access",
      "provider": "provider[\"registry.terraform.io/hashicorp/aws\"]",
      "instances": [
        {
          "schema_version": 2,
          "attributes": {
            "cidr_blocks": [
              "0.0.0.0/0"
            ],
            "description": "",
            "from_port": 0,
            "id": "sgrule-3923501776",
            "ipv6_cidr_blocks": [],
            "prefix_list_ids": [],
            "protocol": "-1",
            "security_group_id": "sg-0f36895eb1c9f0cf5",
            "self": false,
            "source_security_group_id": null,
            "to_port": 0,
            "type": "egress"
          },
          "sensitive_attributes": [],
          "private": "eyJzY2hlbWFfdmVyc2lvbiI6IjIifQ==",
          "dependencies": [
            "aws_security_group.test_sg",
            "aws_vpc.main"
          ]
        }
      ]
    },
    {
      "mode": "managed",
      "type": "aws_security_group_rule",
      "name": "http_inbound_access",
      "provider": "provider[\"registry.terraform.io/hashicorp/aws\"]",
      "instances": [
        {
          "schema_version": 2,
          "attributes": {
            "cidr_blocks": [
              "0.0.0.0/0"
            ],
            "description": "",
            "from_port": 80,
            "id": "sgrule-886885467",
            "ipv6_cidr_blocks": [],
            "prefix_list_ids": [],
            "protocol": "tcp",
            "security_group_id": "sg-0f36895eb1c9f0cf5",
            "self": false,
            "source_security_group_id": null,
            "to_port": 80,
            "type": "ingress"
          },
          "sensitive_attributes": [],
          "private": "eyJzY2hlbWFfdmVyc2lvbiI6IjIifQ==",
          "dependencies": [
            "aws_security_group.test_sg",
            "aws_vpc.main"
          ]
        }
      ]
    },
    {
      "mode": "managed",
      "type": "aws_security_group_rule",
      "name": "https_inbound_access",
      "provider": "provider[\"registry.terraform.io/hashicorp/aws\"]",
      "instances": [
        {
          "schema_version": 2,
          "attributes": {
            "cidr_blocks": [
              "0.0.0.0/0"
            ],
            "description": "",
            "from_port": 443,
            "id": "sgrule-1841191978",
            "ipv6_cidr_blocks": [],
            "prefix_list_ids": [],
            "protocol": "tcp",
            "security_group_id": "sg-0f36895eb1c9f0cf5",
            "self": false,
            "source_security_group_id": null,
            "to_port": 443,
            "type": "ingress"
          },
          "sensitive_attributes": [],
          "private": "eyJzY2hlbWFfdmVyc2lvbiI6IjIifQ==",
          "dependencies": [
            "aws_security_group.test_sg",
            "aws_vpc.main"
          ]
        }
      ]
    },
    {
      "mode": "managed",
      "type": "aws_subnet",
      "name": "private_subnet",
      "provider": "provider[\"registry.terraform.io/hashicorp/aws\"]",
      "instances": [
        {
          "index_key": 0,
          "schema_version": 1,
          "attributes": {
            "arn": "arn:aws:ec2:ap-south-1:752417036445:subnet/subnet-019b83180dc61d6b0",
            "assign_ipv6_address_on_creation": false,
            "availability_zone": "ap-south-1a",
            "availability_zone_id": "aps1-az1",
            "cidr_block": "172.16.3.0/24",
            "customer_owned_ipv4_pool": "",
            "enable_dns64": false,
            "enable_resource_name_dns_a_record_on_launch": false,
            "enable_resource_name_dns_aaaa_record_on_launch": false,
            "id": "subnet-019b83180dc61d6b0",
            "ipv6_cidr_block": "",
            "ipv6_cidr_block_association_id": "",
            "ipv6_native": false,
            "map_customer_owned_ip_on_launch": false,
            "map_public_ip_on_launch": false,
            "outpost_arn": "",
            "owner_id": "752417036445",
            "private_dns_hostname_type_on_launch": "ip-name",
            "tags": {
              "Name": "my-test-private-subnet.1"
            },
            "tags_all": {
              "Name": "my-test-private-subnet.1"
            },
            "timeouts": null,
            "vpc_id": "vpc-0eef6272bf6bd9b53"
          },
          "sensitive_attributes": [],
          "private": "eyJlMmJmYjczMC1lY2FhLTExZTYtOGY4OC0zNDM2M2JjN2M0YzAiOnsiY3JlYXRlIjo2MDAwMDAwMDAwMDAsImRlbGV0ZSI6MTIwMDAwMDAwMDAwMH0sInNjaGVtYV92ZXJzaW9uIjoiMSJ9",
          "dependencies": [
            "aws_vpc.main"
          ]
        },
        {
          "index_key": 1,
          "schema_version": 1,
          "attributes": {
            "arn": "arn:aws:ec2:ap-south-1:752417036445:subnet/subnet-0bcf2c2ee775cbf82",
            "assign_ipv6_address_on_creation": false,
            "availability_zone": "ap-south-1b",
            "availability_zone_id": "aps1-az3",
            "cidr_block": "172.16.4.0/24",
            "customer_owned_ipv4_pool": "",
            "enable_dns64": false,
            "enable_resource_name_dns_a_record_on_launch": false,
            "enable_resource_name_dns_aaaa_record_on_launch": false,
            "id": "subnet-0bcf2c2ee775cbf82",
            "ipv6_cidr_block": "",
            "ipv6_cidr_block_association_id": "",
            "ipv6_native": false,
            "map_customer_owned_ip_on_launch": false,
            "map_public_ip_on_launch": false,
            "outpost_arn": "",
            "owner_id": "752417036445",
            "private_dns_hostname_type_on_launch": "ip-name",
            "tags": {
              "Name": "my-test-private-subnet.2"
            },
            "tags_all": {
              "Name": "my-test-private-subnet.2"
            },
            "timeouts": null,
            "vpc_id": "vpc-0eef6272bf6bd9b53"
          },
          "sensitive_attributes": [],
          "private": "eyJlMmJmYjczMC1lY2FhLTExZTYtOGY4OC0zNDM2M2JjN2M0YzAiOnsiY3JlYXRlIjo2MDAwMDAwMDAwMDAsImRlbGV0ZSI6MTIwMDAwMDAwMDAwMH0sInNjaGVtYV92ZXJzaW9uIjoiMSJ9",
          "dependencies": [
            "aws_vpc.main"
          ]
        }
      ]
    },
    {
      "mode": "managed",
      "type": "aws_subnet",
      "name": "public_subnet",
      "provider": "provider[\"registry.terraform.io/hashicorp/aws\"]",
      "instances": [
        {
          "index_key": 0,
          "schema_version": 1,
          "attributes": {
            "arn": "arn:aws:ec2:ap-south-1:752417036445:subnet/subnet-0ac002afdf2fe5929",
            "assign_ipv6_address_on_creation": false,
            "availability_zone": "ap-south-1a",
            "availability_zone_id": "aps1-az1",
            "cidr_block": "172.16.1.0/24",
            "customer_owned_ipv4_pool": "",
            "enable_dns64": false,
            "enable_resource_name_dns_a_record_on_launch": false,
            "enable_resource_name_dns_aaaa_record_on_launch": false,
            "id": "subnet-0ac002afdf2fe5929",
            "ipv6_cidr_block": "",
            "ipv6_cidr_block_association_id": "",
            "ipv6_native": false,
            "map_customer_owned_ip_on_launch": false,
            "map_public_ip_on_launch": true,
            "outpost_arn": "",
            "owner_id": "752417036445",
            "private_dns_hostname_type_on_launch": "ip-name",
            "tags": {
              "Name": "my-test-public-subnet.1"
            },
            "tags_all": {
              "Name": "my-test-public-subnet.1"
            },
            "timeouts": null,
            "vpc_id": "vpc-0eef6272bf6bd9b53"
          },
          "sensitive_attributes": [],
          "private": "eyJlMmJmYjczMC1lY2FhLTExZTYtOGY4OC0zNDM2M2JjN2M0YzAiOnsiY3JlYXRlIjo2MDAwMDAwMDAwMDAsImRlbGV0ZSI6MTIwMDAwMDAwMDAwMH0sInNjaGVtYV92ZXJzaW9uIjoiMSJ9",
          "dependencies": [
            "aws_vpc.main"
          ]
        },
        {
          "index_key": 1,
          "schema_version": 1,
          "attributes": {
            "arn": "arn:aws:ec2:ap-south-1:752417036445:subnet/subnet-0abc9c9330bbd16af",
            "assign_ipv6_address_on_creation": false,
            "availability_zone": "ap-south-1b",
            "availability_zone_id": "aps1-az3",
            "cidr_block": "172.16.2.0/24",
            "customer_owned_ipv4_pool": "",
            "enable_dns64": false,
            "enable_resource_name_dns_a_record_on_launch": false,
            "enable_resource_name_dns_aaaa_record_on_launch": false,
            "id": "subnet-0abc9c9330bbd16af",
            "ipv6_cidr_block": "",
            "ipv6_cidr_block_association_id": "",
            "ipv6_native": false,
            "map_customer_owned_ip_on_launch": false,
            "map_public_ip_on_launch": true,
            "outpost_arn": "",
            "owner_id": "752417036445",
            "private_dns_hostname_type_on_launch": "ip-name",
            "tags": {
              "Name": "my-test-public-subnet.2"
            },
            "tags_all": {
              "Name": "my-test-public-subnet.2"
            },
            "timeouts": null,
            "vpc_id": "vpc-0eef6272bf6bd9b53"
          },
          "sensitive_attributes": [],
          "private": "eyJlMmJmYjczMC1lY2FhLTExZTYtOGY4OC0zNDM2M2JjN2M0YzAiOnsiY3JlYXRlIjo2MDAwMDAwMDAwMDAsImRlbGV0ZSI6MTIwMDAwMDAwMDAwMH0sInNjaGVtYV92ZXJzaW9uIjoiMSJ9",
          "dependencies": [
            "aws_vpc.main"
          ]
        }
      ]
    },
    {
      "mode": "managed",
      "type": "aws_volume_attachment",
      "name": "service_volume_attach",
      "provider": "provider[\"registry.terraform.io/hashicorp/aws\"]",
      "instances": [
        {
          "index_key": 0,
          "schema_version": 0,
          "attributes": {
            "device_name": "/dev/sdh",
            "force_detach": null,
            "id": "vai-2663616731",
            "instance_id": "i-0aebd544e048493a7",
            "skip_destroy": null,
            "stop_instance_before_detaching": null,
            "volume_id": "vol-0f9ff4bbf9be7ac82"
          },
          "sensitive_attributes": [],
          "private": "bnVsbA==",
          "dependencies": [
            "aws_ebs_volume.ebs_storage",
            "aws_instance.service_instance",
            "aws_security_group.ec2_sg",
            "aws_security_group.test_sg",
            "aws_subnet.private_subnet",
            "aws_vpc.main"
          ]
        }
      ]
    },
    {
      "mode": "managed",
      "type": "aws_volume_attachment",
      "name": "service_volume_attach1",
      "provider": "provider[\"registry.terraform.io/hashicorp/aws\"]",
      "instances": [
        {
          "index_key": 0,
          "schema_version": 0,
          "attributes": {
            "device_name": "/dev/sdh",
            "force_detach": null,
            "id": "vai-395723006",
            "instance_id": "i-07e71ba546dc33af8",
            "skip_destroy": null,
            "stop_instance_before_detaching": null,
            "volume_id": "vol-039f9fd539979a8ad"
          },
          "sensitive_attributes": [],
          "private": "bnVsbA==",
          "dependencies": [
            "aws_ebs_volume.ebs_storage1",
            "aws_instance.service_instance-1"
          ]
        }
      ]
    },
    {
      "mode": "managed",
      "type": "aws_vpc",
      "name": "main",
      "provider": "provider[\"registry.terraform.io/hashicorp/aws\"]",
      "instances": [
        {
          "schema_version": 1,
          "attributes": {
            "arn": "arn:aws:ec2:ap-south-1:752417036445:vpc/vpc-0eef6272bf6bd9b53",
            "assign_generated_ipv6_cidr_block": false,
            "cidr_block": "172.16.0.0/16",
            "default_network_acl_id": "acl-02d1e3a223659899c",
            "default_route_table_id": "rtb-0c08374b3c79a54b7",
            "default_security_group_id": "sg-00ab2dd360bb6ba79",
            "dhcp_options_id": "dopt-0f493efc513bf3950",
            "enable_classiclink": false,
            "enable_classiclink_dns_support": false,
            "enable_dns_hostnames": true,
            "enable_dns_support": true,
            "id": "vpc-0eef6272bf6bd9b53",
            "instance_tenancy": "default",
            "ipv4_ipam_pool_id": null,
            "ipv4_netmask_length": null,
            "ipv6_association_id": "",
            "ipv6_cidr_block": "",
            "ipv6_cidr_block_network_border_group": "",
            "ipv6_ipam_pool_id": "",
            "ipv6_netmask_length": 0,
            "main_route_table_id": "rtb-0c08374b3c79a54b7",
            "owner_id": "752417036445",
            "tags": {
              "Name": "my-new-test-terraform-vpc"
            },
            "tags_all": {
              "Name": "my-new-test-terraform-vpc"
            }
          },
          "sensitive_attributes": [],
          "private": "eyJzY2hlbWFfdmVyc2lvbiI6IjEifQ=="
        }
      ]
    },
    {
      "mode": "managed",
      "type": "tls_private_key",
      "name": "aws-key",
      "provider": "provider[\"registry.terraform.io/hashicorp/tls\"]",
      "instances": [
        {
          "schema_version": 0,
          "attributes": {
            "algorithm": "RSA",
            "ecdsa_curve": "P224",
            "id": "ebb53072a2cd01631b804f802d729c028bccaa1e",
            "private_key_openssh": "-----BEGIN OPENSSH PRIVATE KEY-----\nb3BlbnNzaC1rZXktdjEAAAAABG5vbmUAAAAEbm9uZQAAAAAAAAABAAACFwAAAAdz\nc2gtcnNhAAAAAwEAAQAAAgEAyHv4Ox6ki/erWCAVOv2kDAOz2nHKh3PVPC2jMSY+\nw4oocNSMKFfbyfl8SKDPSvqxJRpNwUPh1Ykl+rndd00LJ40NXoDIdSNdD8KdgU4I\nex7rnblU8uyfr3OfeqOsvrtgGWoxjcJsJDmz6NHbQZto2xvKTs8CPKzwlRnUPRaf\nBpUT2xHRROVdcBcf7AtLy3wgiIxXrEZXB4hzvO2pgt68k7WxKkQoGlSmkUCvvFoL\nPcE1+2tYsRYtvJI3Eh7DNInIkoYOfjQs9EUVpEQUbiuMbq5+gwVqoLw8UhXCoyY6\nPoOWhFj463lXdOPAD1/5FDhobqgE41X9hN123JEyH+0ZCYMmLcTik8SAvzvP2IKr\n9Y6ZRVKhpPJE1yXpgvkLFwT3ATyRXXPnGE40fuugeruU3sLV63bXSbZ+hs7e8lzs\n7pV9iL99GbvWVTWxCLXoptK6wiNP9n5hYx25z2FhVe3nnJqi8gkBWlojHcaFoISZ\nHVwi7qXPgKMzDSZTx1kbLhBwcUw4WC2/Q+mkTp/FVcIND6qK/0K/20wzJWuefvud\nAnbJx5hDhCVEnU+8w2HquWKNbQQAAELNMPtQpW1wRipbBi4E+eOMbTSqAIXVaLzs\nkMkHSvtzo/ap74cJ7pr9nFFa9fdO3zAXS91kXLRxW9cFGP71qkwV4Xt2oh0iWzgW\nvx0AAAc43qwvoN6sL6AAAAAHc3NoLXJzYQAAAgEAyHv4Ox6ki/erWCAVOv2kDAOz\n2nHKh3PVPC2jMSY+w4oocNSMKFfbyfl8SKDPSvqxJRpNwUPh1Ykl+rndd00LJ40N\nXoDIdSNdD8KdgU4Iex7rnblU8uyfr3OfeqOsvrtgGWoxjcJsJDmz6NHbQZto2xvK\nTs8CPKzwlRnUPRafBpUT2xHRROVdcBcf7AtLy3wgiIxXrEZXB4hzvO2pgt68k7Wx\nKkQoGlSmkUCvvFoLPcE1+2tYsRYtvJI3Eh7DNInIkoYOfjQs9EUVpEQUbiuMbq5+\ngwVqoLw8UhXCoyY6PoOWhFj463lXdOPAD1/5FDhobqgE41X9hN123JEyH+0ZCYMm\nLcTik8SAvzvP2IKr9Y6ZRVKhpPJE1yXpgvkLFwT3ATyRXXPnGE40fuugeruU3sLV\n63bXSbZ+hs7e8lzs7pV9iL99GbvWVTWxCLXoptK6wiNP9n5hYx25z2FhVe3nnJqi\n8gkBWlojHcaFoISZHVwi7qXPgKMzDSZTx1kbLhBwcUw4WC2/Q+mkTp/FVcIND6qK\n/0K/20wzJWuefvudAnbJx5hDhCVEnU+8w2HquWKNbQQAAELNMPtQpW1wRipbBi4E\n+eOMbTSqAIXVaLzskMkHSvtzo/ap74cJ7pr9nFFa9fdO3zAXS91kXLRxW9cFGP71\nqkwV4Xt2oh0iWzgWvx0AAAADAQABAAACAByAa1DUUWZIpoZXwUzqpDjFCfujM7y/\n/e+ZOVsSadfYu1kXDnnpy6hSHJYirnWlYCu7KpSwNtnpromPhOmh/VT5G4501oq4\npVFJRKUOV+xRAAQjRe1nMGh8Eo8X18Yh006ppzPVERSxU19k/ju8gVKtB7zedx3z\nJBy+WEr6/U6tQO5jARI/XWJDF1myXWsnUWS4NvqZ4WODxZh1XSTqz3pcWTx+BgmA\nQVHjFVi8oF5+KlN89lXupj/ptYSQ9QVyFR6nikXs2vs7GxGIUDM9Y7CUhA3SZk9F\nk3nD+DDDjYI3qN1V3MV1Mba/bh2BcmKqhkY9ArzjC7Co324KAktBpM5R5TLiwvYD\nCEp8SYahQwY3RSUQX2DuEf0KF92YjOiL2u8ckDXwXuvK+70ZCcl5RtayyBomTT1K\n6STShT0H5u49P2m6ssqz0Aab/b7kPrdkbjcnIqRSjQmEPHLU/ypaZ+3e62srqmOY\nhWQLJu2cGyY1HcXai6nM9wDqHz98fHv2tGMY4vBW5L/OncLSh0VbO86wSTYVVCrL\nFhHbR61C8mYmoFRaYJBKQC324UyG8mLcGFIPYCp2cJt4blKvPcqZnbmWzzr5y47o\n4y9HPjciDknyEZfaAwoAA5Ol9OzQcvLUlMlAO9GECmH9sj/tM5DZkVYV11+jNfKs\nHpVt9f38H9eBAAABAGixLnjoI8/l2XWj40QEPYBVox9/FYH2LR8pbX+bWLN+4VIL\nPh+oTDvO/tE60m1Zm4cmA32njSMB5gO4FlIzSXs6/3yFNFnRcOOJBY371RfIsP29\nfA1/TAdTxWY78lGTJiBztcQrdo5/PYtznD+zHmFJJT3iCbysmwyNFdS8NFZWV96o\nRYIvA6XiQruYDmlfL0Pvto4MDqxViKDV5pPEzinUVPOOQnhHaOJfWnh37ebHZU5c\n5zuOA9RBctc8Iv+TMJt6VJjSw2GfQOJybBm6HzjNQDbSFlPC51hZ7lS+7TXIKyj+\nNNwwCEtPYFg2+FmRmPxm/qL/tnDIyrd4P6OnTCQAAAEBANePoz/ZR+3IVKJI6YxQ\nc7AZAVIERiHZCemMhmx8vUV0R6Z5IH/VZQEwQ4s9J7BbySFe6x962w9wg22mt1si\n/R4ILTCstX71ZHg0wCHU0VjO/Z3zCcQ0Rjmjod3VJ4gaP9LuZ2vi9Zl5K0cxkW79\n6gJMsbkfc0WDNkNrhaRIXGXZSh/86b5mPE1SspK+/lWkenbjK7wDBQdrzcTbJaDS\nG7R2siR+mSNoKtu3SF/nvsS3cDaz5lFkxZodC7evdYhLWf5uzw7nAP6lWDMzHcim\nP+piF1Zu+tv72IvqMQXC4bKEcastQ9n1GNJK+Q8+VNOr1rHXR6olRAIMEx95hmC5\n36EAAAEBAO4YQ6+aE7RBnt81I0GZGMpSwU8oiARMnNjfdEfnz9lobkJWRD8HgIbQ\nFDp5LoaOnrjhZJCjoqln3oPrxnmBdLe8YqvXsHgLGv+xyKW6b1BjFS7KKMkyMbX0\nTBVIqVcKGw9iRhy0dsCU8IgYHIUA0//oBCYnl/frMTnk1TVVJ+kQDkV7ch8WBbtv\nKZM+5EFEA3aJWDI9c6zrQYXp8FlmjdEC6FDuXKfjv/2eBQs3/JvvXyY0nP1w1GwB\nbMUnjfanJVDWmyCFo+viMn27NCspU/b5jqh7t3IRQyYU68nThNyPobJlwXpZwZ4X\nuTkCnLPFaqjZw06PRMAUREtaFbXfnf0AAAAAAQID\n-----END OPENSSH PRIVATE KEY-----\n",
            "private_key_pem": "-----BEGIN RSA PRIVATE KEY-----\nMIIJKAIBAAKCAgEAyHv4Ox6ki/erWCAVOv2kDAOz2nHKh3PVPC2jMSY+w4oocNSM\nKFfbyfl8SKDPSvqxJRpNwUPh1Ykl+rndd00LJ40NXoDIdSNdD8KdgU4Iex7rnblU\n8uyfr3OfeqOsvrtgGWoxjcJsJDmz6NHbQZto2xvKTs8CPKzwlRnUPRafBpUT2xHR\nROVdcBcf7AtLy3wgiIxXrEZXB4hzvO2pgt68k7WxKkQoGlSmkUCvvFoLPcE1+2tY\nsRYtvJI3Eh7DNInIkoYOfjQs9EUVpEQUbiuMbq5+gwVqoLw8UhXCoyY6PoOWhFj4\n63lXdOPAD1/5FDhobqgE41X9hN123JEyH+0ZCYMmLcTik8SAvzvP2IKr9Y6ZRVKh\npPJE1yXpgvkLFwT3ATyRXXPnGE40fuugeruU3sLV63bXSbZ+hs7e8lzs7pV9iL99\nGbvWVTWxCLXoptK6wiNP9n5hYx25z2FhVe3nnJqi8gkBWlojHcaFoISZHVwi7qXP\ngKMzDSZTx1kbLhBwcUw4WC2/Q+mkTp/FVcIND6qK/0K/20wzJWuefvudAnbJx5hD\nhCVEnU+8w2HquWKNbQQAAELNMPtQpW1wRipbBi4E+eOMbTSqAIXVaLzskMkHSvtz\no/ap74cJ7pr9nFFa9fdO3zAXS91kXLRxW9cFGP71qkwV4Xt2oh0iWzgWvx0CAwEA\nAQKCAgAcgGtQ1FFmSKaGV8FM6qQ4xQn7ozO8v/3vmTlbEmnX2LtZFw556cuoUhyW\nIq51pWAruyqUsDbZ6a6Jj4Tpof1U+RuOdNaKuKVRSUSlDlfsUQAEI0XtZzBofBKP\nF9fGIdNOqacz1REUsVNfZP47vIFSrQe83ncd8yQcvlhK+v1OrUDuYwESP11iQxdZ\nsl1rJ1FkuDb6meFjg8WYdV0k6s96XFk8fgYJgEFR4xVYvKBefipTfPZV7qY/6bWE\nkPUFchUep4pF7Nr7OxsRiFAzPWOwlIQN0mZPRZN5w/gww42CN6jdVdzFdTG2v24d\ngXJiqoZGPQK84wuwqN9uCgJLQaTOUeUy4sL2AwhKfEmGoUMGN0UlEF9g7hH9Chfd\nmIzoi9rvHJA18F7ryvu9GQnJeUbWssgaJk09Sukk0oU9B+buPT9purLKs9AGm/2+\n5D63ZG43JyKkUo0JhDxy1P8qWmft3utrK6pjmIVkCybtnBsmNR3F2oupzPcA6h8/\nfHx79rRjGOLwVuS/zp3C0odFWzvOsEk2FVQqyxYR20etQvJmJqBUWmCQSkAt9uFM\nhvJi3BhSD2AqdnCbeG5Srz3KmZ25ls86+cuO6OMvRz43Ig5J8hGX2gMKAAOTpfTs\n0HLy1JTJQDvRhAph/bI/7TOQ2ZFWFddfozXyrB6VbfX9/B/XgQKCAQEA14+jP9lH\n7chUokjpjFBzsBkBUgRGIdkJ6YyGbHy9RXRHpnkgf9VlATBDiz0nsFvJIV7rH3rb\nD3CDbaa3WyL9HggtMKy1fvVkeDTAIdTRWM79nfMJxDRGOaOh3dUniBo/0u5na+L1\nmXkrRzGRbv3qAkyxuR9zRYM2Q2uFpEhcZdlKH/zpvmY8TVKykr7+VaR6duMrvAMF\nB2vNxNsloNIbtHayJH6ZI2gq27dIX+e+xLdwNrPmUWTFmh0Lt691iEtZ/m7PDucA\n/qVYMzMdyKY/6mIXVm762/vYi+oxBcLhsoRxqy1D2fUY0kr5Dz5U06vWsddHqiVE\nAgwTH3mGYLnfoQKCAQEA7hhDr5oTtEGe3zUjQZkYylLBTyiIBEyc2N90R+fP2Whu\nQlZEPweAhtAUOnkuho6euOFkkKOiqWfeg+vGeYF0t7xiq9eweAsa/7HIpbpvUGMV\nLsooyTIxtfRMFUipVwobD2JGHLR2wJTwiBgchQDT/+gEJieX9+sxOeTVNVUn6RAO\nRXtyHxYFu28pkz7kQUQDdolYMj1zrOtBhenwWWaN0QLoUO5cp+O//Z4FCzf8m+9f\nJjSc/XDUbAFsxSeN9qclUNabIIWj6+Iyfbs0KylT9vmOqHu3chFDJhTrydOE3I+h\nsmXBelnBnhe5OQKcs8VqqNnDTo9EwBRES1oVtd+d/QKCAQAbSxqWeQJ8fwMIUUcQ\n9xbO0zuxkMz4eCyjH6HdlqW4Z5Ky519QEErrrZq/xIyD7fs3eHc40yttdweNGLDa\nn0GBTfO62ANbAeMovTUek322Su8d0qoH576Eic1y8wxAVWKDaKA7rs7+EbODHimV\n7hx1EhTmpa7IvGZgfvq65FaepraV+kX2T6eO+suVfQ1i9qJy7yyYb6FxYRr6s+y9\nwhyz6tt/d3AYZZYXn8tQKV2kNr3Ej164K5RBgS/8oAC3syK/7nPVJTahB3p1cSFy\nSGqLWMQvs3mb5PV0McDnQ9ej7NUfoWmX7UqpRcjnPzMqYfWbKvDuAC3uPG0nbRGw\nqZhBAoIBAQDtxmuqLbwp0zK/BIkuFJ+uRlDpJbgYWw50g0vUF4v6OZGLTC2hqHNR\nrvHUp3qwRDP8vJM640Ap4CJXKpouc/tFFqyPorqIV8bhvgF8iKBr7leUP63Vp/v/\nE3b79nGvC9eUWHdeaVcC4nsH3tR0eyw8r8+c7wOUQlwJzh6iwWU3GqK1/x8sLkkR\nM2WYuEEpcKvosCbVHYutD9CC1OsDzSgpqLarRDBiNk9hD3NIDeSHMdmbBQYXEJwD\nNLUUe3kJ70iT345SP0RB6Ma1y8PAquhAiF9QoSTFlLmziUckasmPnx1DVN2Qu5xh\nrp16csJdwfTPpZGnnepxzIubmN5/oE9dAoIBAGixLnjoI8/l2XWj40QEPYBVox9/\nFYH2LR8pbX+bWLN+4VILPh+oTDvO/tE60m1Zm4cmA32njSMB5gO4FlIzSXs6/3yF\nNFnRcOOJBY371RfIsP29fA1/TAdTxWY78lGTJiBztcQrdo5/PYtznD+zHmFJJT3i\nCbysmwyNFdS8NFZWV96oRYIvA6XiQruYDmlfL0Pvto4MDqxViKDV5pPEzinUVPOO\nQnhHaOJfWnh37ebHZU5c5zuOA9RBctc8Iv+TMJt6VJjSw2GfQOJybBm6HzjNQDbS\nFlPC51hZ7lS+7TXIKyj+NNwwCEtPYFg2+FmRmPxm/qL/tnDIyrd4P6OnTCQ=\n-----END RSA PRIVATE KEY-----\n",
            "public_key_fingerprint_md5": "02:66:04:c4:33:da:de:25:70:88:d1:f5:97:e8:c5:c1",
            "public_key_fingerprint_sha256": "SHA256:kDGGZscHwMayDcwqfOFllnQpTzBeEYOapTGtRofFohs",
            "public_key_openssh": "ssh-rsa AAAAB3NzaC1yc2EAAAADAQABAAACAQDIe/g7HqSL96tYIBU6/aQMA7PaccqHc9U8LaMxJj7Diihw1IwoV9vJ+XxIoM9K+rElGk3BQ+HViSX6ud13TQsnjQ1egMh1I10Pwp2BTgh7HuuduVTy7J+vc596o6y+u2AZajGNwmwkObPo0dtBm2jbG8pOzwI8rPCVGdQ9Fp8GlRPbEdFE5V1wFx/sC0vLfCCIjFesRlcHiHO87amC3ryTtbEqRCgaVKaRQK+8Wgs9wTX7a1ixFi28kjcSHsM0iciShg5+NCz0RRWkRBRuK4xurn6DBWqgvDxSFcKjJjo+g5aEWPjreVd048APX/kUOGhuqATjVf2E3XbckTIf7RkJgyYtxOKTxIC/O8/Ygqv1jplFUqGk8kTXJemC+QsXBPcBPJFdc+cYTjR+66B6u5TewtXrdtdJtn6Gzt7yXOzulX2Iv30Zu9ZVNbEIteim0rrCI0/2fmFjHbnPYWFV7eecmqLyCQFaWiMdxoWghJkdXCLupc+AozMNJlPHWRsuEHBxTDhYLb9D6aROn8VVwg0Pqor/Qr/bTDMla55++50CdsnHmEOEJUSdT7zDYeq5Yo1tBAAAQs0w+1ClbXBGKlsGLgT544xtNKoAhdVovOyQyQdK+3Oj9qnvhwnumv2cUVr1907fMBdL3WRctHFb1wUY/vWqTBXhe3aiHSJbOBa/HQ==\n",
            "public_key_pem": "-----BEGIN PUBLIC KEY-----\nMIICIjANBgkqhkiG9w0BAQEFAAOCAg8AMIICCgKCAgEAyHv4Ox6ki/erWCAVOv2k\nDAOz2nHKh3PVPC2jMSY+w4oocNSMKFfbyfl8SKDPSvqxJRpNwUPh1Ykl+rndd00L\nJ40NXoDIdSNdD8KdgU4Iex7rnblU8uyfr3OfeqOsvrtgGWoxjcJsJDmz6NHbQZto\n2xvKTs8CPKzwlRnUPRafBpUT2xHRROVdcBcf7AtLy3wgiIxXrEZXB4hzvO2pgt68\nk7WxKkQoGlSmkUCvvFoLPcE1+2tYsRYtvJI3Eh7DNInIkoYOfjQs9EUVpEQUbiuM\nbq5+gwVqoLw8UhXCoyY6PoOWhFj463lXdOPAD1/5FDhobqgE41X9hN123JEyH+0Z\nCYMmLcTik8SAvzvP2IKr9Y6ZRVKhpPJE1yXpgvkLFwT3ATyRXXPnGE40fuugeruU\n3sLV63bXSbZ+hs7e8lzs7pV9iL99GbvWVTWxCLXoptK6wiNP9n5hYx25z2FhVe3n\nnJqi8gkBWlojHcaFoISZHVwi7qXPgKMzDSZTx1kbLhBwcUw4WC2/Q+mkTp/FVcIN\nD6qK/0K/20wzJWuefvudAnbJx5hDhCVEnU+8w2HquWKNbQQAAELNMPtQpW1wRipb\nBi4E+eOMbTSqAIXVaLzskMkHSvtzo/ap74cJ7pr9nFFa9fdO3zAXS91kXLRxW9cF\nGP71qkwV4Xt2oh0iWzgWvx0CAwEAAQ==\n-----END PUBLIC KEY-----\n",
            "rsa_bits": 4096
          },
          "sensitive_attributes": [],
          "private": "bnVsbA=="
        }
      ]
    }
  ]
}
