{
  "version": 4,
  "terraform_version": "0.12.28",
  "serial": 21,
  "lineage": "3984ef81-c74e-2726-42d1-82f7c50b7e15",
  "outputs": {
    "private_subnets": {
      "value": [
        "subnet-06e293ba71dff0361",
        "subnet-0ad32d1f6fdd4cffa"
      ],
      "type": [
        "tuple",
        [
          "string",
          "string"
        ]
      ]
    },
    "public_subnets": {
      "value": [
        "subnet-030a3b25b6776b606",
        "subnet-0c17bfd539d1f8a5a"
      ],
      "type": [
        "tuple",
        [
          "string",
          "string"
        ]
      ]
    },
    "vpc_id": {
      "value": "vpc-096e8aca1d9e168c1",
      "type": "string"
    }
  },
  "resources": [
    {
      "mode": "data",
      "type": "aws_availability_zones",
      "name": "available",
      "provider": "provider.aws",
      "instances": [
        {
          "schema_version": 0,
          "attributes": {
            "all_availability_zones": null,
            "blacklisted_names": null,
            "blacklisted_zone_ids": null,
            "exclude_names": null,
            "exclude_zone_ids": null,
            "filter": null,
            "group_names": [
              "ap-south-1"
            ],
            "id": "2020-07-22 05:30:09.190960134 +0000 UTC",
            "names": [
              "ap-south-1a",
              "ap-south-1b",
              "ap-south-1c"
            ],
            "state": null,
            "zone_ids": [
              "aps1-az1",
              "aps1-az3",
              "aps1-az2"
            ]
          }
        }
      ]
    },
    {
      "mode": "managed",
      "type": "aws_default_route_table",
      "name": "private_route",
      "provider": "provider.aws",
      "instances": [
        {
          "schema_version": 0,
          "attributes": {
            "default_route_table_id": "rtb-0b5de43955706ae2d",
            "id": "rtb-0b5de43955706ae2d",
            "owner_id": "737627870383",
            "propagating_vgws": [],
            "route": [
              {
                "cidr_block": "0.0.0.0/0",
                "egress_only_gateway_id": "",
                "gateway_id": "",
                "instance_id": "",
                "ipv6_cidr_block": "",
                "nat_gateway_id": "nat-05ea97dd1f9fe8bd7",
                "network_interface_id": "",
                "transit_gateway_id": "",
                "vpc_peering_connection_id": ""
              }
            ],
            "tags": {
              "Name": "my-private-route-table"
            },
            "vpc_id": "vpc-096e8aca1d9e168c1"
          },
          "private": "bnVsbA==",
          "dependencies": [
            "aws_eip.my-test-eip",
            "aws_nat_gateway.my-test-nat-gateway",
            "aws_subnet.public_subnet",
            "aws_vpc.main"
          ]
        }
      ]
    },
    {
      "mode": "managed",
      "type": "aws_eip",
      "name": "my-test-eip",
      "provider": "provider.aws",
      "instances": [
        {
          "schema_version": 0,
          "attributes": {
            "allocation_id": null,
            "associate_with_private_ip": null,
            "association_id": "eipassoc-0474b8443a609fc04",
            "customer_owned_ip": "",
            "customer_owned_ipv4_pool": "",
            "domain": "vpc",
            "id": "eipalloc-082852af36058d45f",
            "instance": "",
            "network_interface": "eni-0e01e63cd4d6df6b3",
            "private_dns": "ip-10-0-1-14.ap-south-1.compute.internal",
            "private_ip": "10.0.1.14",
            "public_dns": "ec2-13-234-62-21.ap-south-1.compute.amazonaws.com",
            "public_ip": "13.234.62.21",
            "public_ipv4_pool": "amazon",
            "tags": {},
            "timeouts": null,
            "vpc": true
          },
          "private": "eyJlMmJmYjczMC1lY2FhLTExZTYtOGY4OC0zNDM2M2JjN2M0YzAiOnsiZGVsZXRlIjoxODAwMDAwMDAwMDAsInJlYWQiOjkwMDAwMDAwMDAwMCwidXBkYXRlIjozMDAwMDAwMDAwMDB9fQ=="
        }
      ]
    },
    {
      "mode": "managed",
      "type": "aws_internet_gateway",
      "name": "gw",
      "provider": "provider.aws",
      "instances": [
        {
          "schema_version": 0,
          "attributes": {
            "arn": "arn:aws:ec2:ap-south-1:737627870383:internet-gateway/igw-01a23f31d3e140a13",
            "id": "igw-01a23f31d3e140a13",
            "owner_id": "737627870383",
            "tags": {
              "Name": "my-test-igw"
            },
            "vpc_id": "vpc-096e8aca1d9e168c1"
          },
          "private": "bnVsbA==",
          "dependencies": [
            "aws_vpc.main"
          ]
        }
      ]
    },
    {
      "mode": "managed",
      "type": "aws_nat_gateway",
      "name": "my-test-nat-gateway",
      "provider": "provider.aws",
      "instances": [
        {
          "schema_version": 0,
          "attributes": {
            "allocation_id": "eipalloc-082852af36058d45f",
            "id": "nat-05ea97dd1f9fe8bd7",
            "network_interface_id": "eni-0e01e63cd4d6df6b3",
            "private_ip": "10.0.1.14",
            "public_ip": "13.234.62.21",
            "subnet_id": "subnet-030a3b25b6776b606",
            "tags": {}
          },
          "private": "bnVsbA==",
          "dependencies": [
            "aws_eip.my-test-eip",
            "aws_subnet.public_subnet"
          ]
        }
      ]
    },
    {
      "mode": "managed",
      "type": "aws_route_table",
      "name": "public_route",
      "provider": "provider.aws",
      "instances": [
        {
          "schema_version": 0,
          "attributes": {
            "id": "rtb-02a76e5293a35db3e",
            "owner_id": "737627870383",
            "propagating_vgws": [],
            "route": [
              {
                "cidr_block": "0.0.0.0/0",
                "egress_only_gateway_id": "",
                "gateway_id": "igw-01a23f31d3e140a13",
                "instance_id": "",
                "ipv6_cidr_block": "",
                "nat_gateway_id": "",
                "network_interface_id": "",
                "transit_gateway_id": "",
                "vpc_peering_connection_id": ""
              }
            ],
            "tags": {
              "Name": "my-test-public-route"
            },
            "vpc_id": "vpc-096e8aca1d9e168c1"
          },
          "private": "bnVsbA==",
          "dependencies": [
            "aws_internet_gateway.gw",
            "aws_vpc.main"
          ]
        }
      ]
    },
    {
      "mode": "managed",
      "type": "aws_route_table_association",
      "name": "private_subnet_assoc",
      "each": "list",
      "provider": "provider.aws",
      "instances": [
        {
          "index_key": 0,
          "schema_version": 0,
          "attributes": {
            "gateway_id": null,
            "id": "rtbassoc-0810ce71a8343a74a",
            "route_table_id": "rtb-0b5de43955706ae2d",
            "subnet_id": "subnet-06e293ba71dff0361"
          },
          "private": "bnVsbA==",
          "dependencies": [
            "aws_default_route_table.private_route",
            "aws_subnet.private_subnet"
          ]
        },
        {
          "index_key": 1,
          "schema_version": 0,
          "attributes": {
            "gateway_id": null,
            "id": "rtbassoc-0793dc393eed9d774",
            "route_table_id": "rtb-0b5de43955706ae2d",
            "subnet_id": "subnet-0ad32d1f6fdd4cffa"
          },
          "private": "bnVsbA==",
          "dependencies": [
            "aws_default_route_table.private_route",
            "aws_subnet.private_subnet"
          ]
        }
      ]
    },
    {
      "mode": "managed",
      "type": "aws_route_table_association",
      "name": "public_subnet_assoc",
      "each": "list",
      "provider": "provider.aws",
      "instances": [
        {
          "index_key": 0,
          "schema_version": 0,
          "attributes": {
            "gateway_id": null,
            "id": "rtbassoc-030330fb544377a10",
            "route_table_id": "rtb-02a76e5293a35db3e",
            "subnet_id": "subnet-030a3b25b6776b606"
          },
          "private": "bnVsbA==",
          "dependencies": [
            "aws_route_table.public_route",
            "aws_subnet.public_subnet"
          ]
        },
        {
          "index_key": 1,
          "schema_version": 0,
          "attributes": {
            "gateway_id": null,
            "id": "rtbassoc-0cda08e9e0481a64c",
            "route_table_id": "rtb-02a76e5293a35db3e",
            "subnet_id": "subnet-0c17bfd539d1f8a5a"
          },
          "private": "bnVsbA==",
          "dependencies": [
            "aws_route_table.public_route",
            "aws_subnet.public_subnet"
          ]
        }
      ]
    },
    {
      "mode": "managed",
      "type": "aws_subnet",
      "name": "private_subnet",
      "each": "list",
      "provider": "provider.aws",
      "instances": [
        {
          "index_key": 0,
          "schema_version": 1,
          "attributes": {
            "arn": "arn:aws:ec2:ap-south-1:737627870383:subnet/subnet-06e293ba71dff0361",
            "assign_ipv6_address_on_creation": false,
            "availability_zone": "ap-south-1a",
            "availability_zone_id": "aps1-az1",
            "cidr_block": "10.0.3.0/24",
            "id": "subnet-06e293ba71dff0361",
            "ipv6_cidr_block": "",
            "ipv6_cidr_block_association_id": "",
            "map_public_ip_on_launch": false,
            "outpost_arn": "",
            "owner_id": "737627870383",
            "tags": {
              "Name": "my-test-private-subnet.1"
            },
            "timeouts": null,
            "vpc_id": "vpc-096e8aca1d9e168c1"
          },
          "private": "eyJlMmJmYjczMC1lY2FhLTExZTYtOGY4OC0zNDM2M2JjN2M0YzAiOnsiY3JlYXRlIjo2MDAwMDAwMDAwMDAsImRlbGV0ZSI6MTIwMDAwMDAwMDAwMH0sInNjaGVtYV92ZXJzaW9uIjoiMSJ9",
          "dependencies": [
            "aws_vpc.main"
          ]
        },
        {
          "index_key": 1,
          "schema_version": 1,
          "attributes": {
            "arn": "arn:aws:ec2:ap-south-1:737627870383:subnet/subnet-0ad32d1f6fdd4cffa",
            "assign_ipv6_address_on_creation": false,
            "availability_zone": "ap-south-1b",
            "availability_zone_id": "aps1-az3",
            "cidr_block": "10.0.4.0/24",
            "id": "subnet-0ad32d1f6fdd4cffa",
            "ipv6_cidr_block": "",
            "ipv6_cidr_block_association_id": "",
            "map_public_ip_on_launch": false,
            "outpost_arn": "",
            "owner_id": "737627870383",
            "tags": {
              "Name": "my-test-private-subnet.2"
            },
            "timeouts": null,
            "vpc_id": "vpc-096e8aca1d9e168c1"
          },
          "private": "eyJlMmJmYjczMC1lY2FhLTExZTYtOGY4OC0zNDM2M2JjN2M0YzAiOnsiY3JlYXRlIjo2MDAwMDAwMDAwMDAsImRlbGV0ZSI6MTIwMDAwMDAwMDAwMH0sInNjaGVtYV92ZXJzaW9uIjoiMSJ9",
          "dependencies": [
            "aws_vpc.main"
          ]
        }
      ]
    },
    {
      "mode": "managed",
      "type": "aws_subnet",
      "name": "public_subnet",
      "each": "list",
      "provider": "provider.aws",
      "instances": [
        {
          "index_key": 0,
          "schema_version": 1,
          "attributes": {
            "arn": "arn:aws:ec2:ap-south-1:737627870383:subnet/subnet-030a3b25b6776b606",
            "assign_ipv6_address_on_creation": false,
            "availability_zone": "ap-south-1a",
            "availability_zone_id": "aps1-az1",
            "cidr_block": "10.0.1.0/24",
            "id": "subnet-030a3b25b6776b606",
            "ipv6_cidr_block": "",
            "ipv6_cidr_block_association_id": "",
            "map_public_ip_on_launch": true,
            "outpost_arn": "",
            "owner_id": "737627870383",
            "tags": {
              "Name": "my-test-public-subnet.1"
            },
            "timeouts": null,
            "vpc_id": "vpc-096e8aca1d9e168c1"
          },
          "private": "eyJlMmJmYjczMC1lY2FhLTExZTYtOGY4OC0zNDM2M2JjN2M0YzAiOnsiY3JlYXRlIjo2MDAwMDAwMDAwMDAsImRlbGV0ZSI6MTIwMDAwMDAwMDAwMH0sInNjaGVtYV92ZXJzaW9uIjoiMSJ9",
          "dependencies": [
            "aws_vpc.main"
          ]
        },
        {
          "index_key": 1,
          "schema_version": 1,
          "attributes": {
            "arn": "arn:aws:ec2:ap-south-1:737627870383:subnet/subnet-0c17bfd539d1f8a5a",
            "assign_ipv6_address_on_creation": false,
            "availability_zone": "ap-south-1b",
            "availability_zone_id": "aps1-az3",
            "cidr_block": "10.0.2.0/24",
            "id": "subnet-0c17bfd539d1f8a5a",
            "ipv6_cidr_block": "",
            "ipv6_cidr_block_association_id": "",
            "map_public_ip_on_launch": true,
            "outpost_arn": "",
            "owner_id": "737627870383",
            "tags": {
              "Name": "my-test-public-subnet.2"
            },
            "timeouts": null,
            "vpc_id": "vpc-096e8aca1d9e168c1"
          },
          "private": "eyJlMmJmYjczMC1lY2FhLTExZTYtOGY4OC0zNDM2M2JjN2M0YzAiOnsiY3JlYXRlIjo2MDAwMDAwMDAwMDAsImRlbGV0ZSI6MTIwMDAwMDAwMDAwMH0sInNjaGVtYV92ZXJzaW9uIjoiMSJ9",
          "dependencies": [
            "aws_vpc.main"
          ]
        }
      ]
    },
    {
      "mode": "managed",
      "type": "aws_vpc",
      "name": "main",
      "provider": "provider.aws",
      "instances": [
        {
          "schema_version": 1,
          "attributes": {
            "arn": "arn:aws:ec2:ap-south-1:737627870383:vpc/vpc-096e8aca1d9e168c1",
            "assign_generated_ipv6_cidr_block": false,
            "cidr_block": "10.0.0.0/16",
            "default_network_acl_id": "acl-09e13b29a5a3ab4da",
            "default_route_table_id": "rtb-0b5de43955706ae2d",
            "default_security_group_id": "sg-0e390405909518b77",
            "dhcp_options_id": "dopt-ce35f3a5",
            "enable_classiclink": null,
            "enable_classiclink_dns_support": null,
            "enable_dns_hostnames": true,
            "enable_dns_support": true,
            "id": "vpc-096e8aca1d9e168c1",
            "instance_tenancy": "default",
            "ipv6_association_id": "",
            "ipv6_cidr_block": "",
            "main_route_table_id": "rtb-0b5de43955706ae2d",
            "owner_id": "737627870383",
            "tags": {
              "Name": "my-new-test-terraform-vpc"
            }
          },
          "private": "eyJzY2hlbWFfdmVyc2lvbiI6IjEifQ=="
        }
      ]
    }
  ]
}
