{
  "version": 4,
  "terraform_version": "0.12.28",
  "serial": 56,
  "lineage": "4ac43218-5499-889e-700d-46a04fb2dc9d",
  "outputs": {
    "bastion_address": {
      "value": [
        "13.127.31.6",
        "13.127.68.160"
      ],
      "type": [
        "tuple",
        [
          "string",
          "string"
        ]
      ]
    },
    "bastion_private_key": {
      "value": "-----BEGIN RSA PRIVATE KEY-----\nMIIEpgIBAAKCAQEAx7af8NKvY3hCsFYeeSQx5R0mIlcA3STCij+PAEyBI9LNWWkU\ne0aAlCCYYeKZHXOOHJtDZ9Axdm+/6pPOWTiuVHto/vFg8phl9LqSBug/N4fpqXQj\nazmJ1yRsxrsI/0mGUcRJdYuOcLZbPUu1ATLz7H6zDXIymC/9NU0q8khbCeiXMiOg\nqJntmrx6J1lAg0XsA+AdJ5MYpSlB76PK/8lO0BvNdscVElwwMNSDYy/BpBsU1cMj\n6TvllrQKrU5mc5UjRzD6iQR0vXNHllbeL4XnLhLlzbwUNdH5dqQ/Y35pS5mg4yEP\nHTTwdLUskU+kkKvXLa9shrWz8MjKshs+770KnQIDAQABAoIBAQCPJUkSlhB8XXB/\nb9q7vcO9kt0IdA/8ciK2cMQQ1MUjZi8lzPmPOoNiqNJQJtjUkUTlICx6NnGdkI+g\nlXyr2sKpbyNcyKpSeAVsGmYcaU8WgGZsvP++FSnFeSg2cU0LnimWZfi5NeRMyYgw\nMRl12I2Zj17LXnUBPDRjhgIoUtBeEoCQFaZhVhANrrFTi4p2SK5y+DmNP502k2Qb\n4FszffN7doJPr/dSCv6Gjw3R7Ux1b9T5IBk13Uu08xZGfvgd4nK2VFKIc1l7tl++\nTSfOv154d4FfVp64shr167iiZpS7X6y4yq6yknw4I6LQijA+XMSxWNrGc08nPVlG\nbWia7TPBAoGBAPsfsh1WdipgPZF2zTeqg7wd0ekDwLjF+obw2Cxw6jUanfdzG58Y\nsBrC8FTa8Pt9G2YMS+OLePUAKEsitkqk+UNxfHcHNNZWuVjLqA9IHJJa8gVECbqv\nKL09wrpCT3TPTsssq2LZJ0aJfaPmHb4SeUFazsAIxbaXDVNBM9vtgiOVAoGBAMuX\nX9TKU+NL8SdOiybSWq4Yvv47r4abrYAhWwq858KlUQdd6tY4F79QR39N3FC/jHMQ\nBjhjToBPOaU4lBVT+VBTZ7XIbjK0/I3sQn9yMLN3nXjKWnn3k7BCetTZVlRLLSH8\nZSFJ2z+iCZj5QLKj7Tmcsq03EUeCO45wxPL69gjpAoGBAIm25BK6q6qphJoVMI1q\ncTvkjozehf3OdIkz4xjcA1SD+EUPVwJ0o37JkMq4FpeUEEZyT9vFTNvu7inmK1nc\nBuY5giw0Q4GXpaVQaiWXQjPws/C3Uy6RiCHfkL5cRv6kAW3iXUqkE6nXFJOhSoZF\n00FH70HYjbSIOcKCa1IcedXRAoGBAJABXpORGY0o5ka7U8n9+I40isQhS6KW8z4y\nWcdan0Qa0xm24KjtvD5idnAhjri/BIVOzFeORrSTVV78iiIb57ldhXobb3cGda2d\nc9vZ1YDcFtKdrymeaSS/oUp1AI9XLXFgqdfF+gMkhk1h4NV7Bg0+PVQwI1TFVYMH\nWQfVY7ohAoGBAOfy8+RazPoLoduLXUA1ORdwNYnIvVqgoQaCBNlkVy0YYBDBEpon\nlM0XyTOq45vfjpD9hhVqzlK6GGQ1gPn/QKhcncR0InSggB8m2Tl4gG+bPl9lb2SR\nMCoW+MHB4lh+5ObXzHG3jK/aBjZwYFeppTYRN7aFe/LiAFN0QUUUF0yZ\n-----END RSA PRIVATE KEY-----\n",
      "type": "string"
    },
    "public_subnet_ids": {
      "value": [
        "subnet-0c9c10053ef52bb5d",
        "subnet-0fffc382f1876643a"
      ],
      "type": [
        "tuple",
        [
          "string",
          "string"
        ]
      ]
    },
    "vpc_id": {
      "value": "vpc-01f468ce514578a5d",
      "type": "string"
    }
  },
  "resources": [
    {
      "mode": "data",
      "type": "aws_availability_zones",
      "name": "available",
      "provider": "provider.aws",
      "instances": [
        {
          "schema_version": 0,
          "attributes": {
            "all_availability_zones": null,
            "blacklisted_names": null,
            "blacklisted_zone_ids": null,
            "exclude_names": null,
            "exclude_zone_ids": null,
            "filter": null,
            "group_names": [
              "ap-south-1"
            ],
            "id": "2020-07-22 20:00:30.805856344 +0000 UTC",
            "names": [
              "ap-south-1a",
              "ap-south-1b",
              "ap-south-1c"
            ],
            "state": null,
            "zone_ids": [
              "aps1-az1",
              "aps1-az3",
              "aps1-az2"
            ]
          }
        }
      ]
    },
    {
      "mode": "managed",
      "type": "aws_eip",
      "name": "nat",
      "provider": "provider.aws",
      "instances": [
        {
          "schema_version": 0,
          "attributes": {
            "allocation_id": null,
            "associate_with_private_ip": null,
            "association_id": "eipassoc-0dfafc07c84d2b889",
            "customer_owned_ip": "",
            "customer_owned_ipv4_pool": "",
            "domain": "vpc",
            "id": "eipalloc-010a2d98063947f9d",
            "instance": "",
            "network_interface": "eni-0d56859f5d5629f2d",
            "private_dns": "ip-10-0-146-84.ap-south-1.compute.internal",
            "private_ip": "10.0.146.84",
            "public_dns": "ec2-15-207-50-155.ap-south-1.compute.amazonaws.com",
            "public_ip": "15.207.50.155",
            "public_ipv4_pool": "amazon",
            "tags": {
              "Name": "eip"
            },
            "timeouts": null,
            "vpc": true
          },
          "private": "eyJlMmJmYjczMC1lY2FhLTExZTYtOGY4OC0zNDM2M2JjN2M0YzAiOnsiZGVsZXRlIjoxODAwMDAwMDAwMDAsInJlYWQiOjkwMDAwMDAwMDAwMCwidXBkYXRlIjozMDAwMDAwMDAwMDB9fQ=="
        }
      ]
    },
    {
      "mode": "managed",
      "type": "aws_instance",
      "name": "bastion",
      "each": "list",
      "provider": "provider.aws",
      "instances": [
        {
          "index_key": 0,
          "schema_version": 1,
          "attributes": {
            "ami": "ami-0732b62d310b80e97",
            "arn": "arn:aws:ec2:ap-south-1:737627870383:instance/i-018b9a64b190c915f",
            "associate_public_ip_address": true,
            "availability_zone": "ap-south-1a",
            "cpu_core_count": 1,
            "cpu_threads_per_core": 1,
            "credit_specification": [
              {
                "cpu_credits": "standard"
              }
            ],
            "disable_api_termination": false,
            "ebs_block_device": [],
            "ebs_optimized": false,
            "ephemeral_block_device": [],
            "get_password_data": false,
            "hibernation": false,
            "host_id": null,
            "iam_instance_profile": "",
            "id": "i-018b9a64b190c915f",
            "instance_initiated_shutdown_behavior": null,
            "instance_state": "running",
            "instance_type": "t2.micro",
            "ipv6_address_count": 0,
            "ipv6_addresses": [],
            "key_name": "bastion",
            "metadata_options": [
              {
                "http_endpoint": "enabled",
                "http_put_response_hop_limit": 1,
                "http_tokens": "optional"
              }
            ],
            "monitoring": false,
            "network_interface": [],
            "network_interface_id": null,
            "outpost_arn": "",
            "password_data": "",
            "placement_group": "",
            "primary_network_interface_id": "eni-04bde27d52afb3b1e",
            "private_dns": "ip-10-0-12-170.ap-south-1.compute.internal",
            "private_ip": "10.0.12.170",
            "public_dns": "ec2-13-127-31-6.ap-south-1.compute.amazonaws.com",
            "public_ip": "13.127.31.6",
            "root_block_device": [
              {
                "delete_on_termination": true,
                "device_name": "/dev/xvda",
                "encrypted": false,
                "iops": 100,
                "kms_key_id": "",
                "volume_id": "vol-03ac6381df740ac60",
                "volume_size": 8,
                "volume_type": "gp2"
              }
            ],
            "security_groups": [],
            "source_dest_check": false,
            "subnet_id": "subnet-0c9c10053ef52bb5d",
            "tags": null,
            "tenancy": "default",
            "timeouts": null,
            "user_data": null,
            "user_data_base64": null,
            "volume_tags": {},
            "vpc_security_group_ids": [
              "sg-05824c987b9216470"
            ]
          },
          "private": "eyJlMmJmYjczMC1lY2FhLTExZTYtOGY4OC0zNDM2M2JjN2M0YzAiOnsiY3JlYXRlIjo2MDAwMDAwMDAwMDAsImRlbGV0ZSI6MTIwMDAwMDAwMDAwMCwidXBkYXRlIjo2MDAwMDAwMDAwMDB9LCJzY2hlbWFfdmVyc2lvbiI6IjEifQ==",
          "dependencies": [
            "aws_key_pair.bastion",
            "aws_security_group.bastion",
            "aws_subnet.public",
            "aws_vpc.vpc"
          ]
        },
        {
          "index_key": 1,
          "schema_version": 1,
          "attributes": {
            "ami": "ami-0732b62d310b80e97",
            "arn": "arn:aws:ec2:ap-south-1:737627870383:instance/i-0f13c21af83ed6d8a",
            "associate_public_ip_address": true,
            "availability_zone": "ap-south-1b",
            "cpu_core_count": 1,
            "cpu_threads_per_core": 1,
            "credit_specification": [
              {
                "cpu_credits": "standard"
              }
            ],
            "disable_api_termination": false,
            "ebs_block_device": [],
            "ebs_optimized": false,
            "ephemeral_block_device": [],
            "get_password_data": false,
            "hibernation": false,
            "host_id": null,
            "iam_instance_profile": "",
            "id": "i-0f13c21af83ed6d8a",
            "instance_initiated_shutdown_behavior": null,
            "instance_state": "running",
            "instance_type": "t2.micro",
            "ipv6_address_count": 0,
            "ipv6_addresses": [],
            "key_name": "bastion",
            "metadata_options": [
              {
                "http_endpoint": "enabled",
                "http_put_response_hop_limit": 1,
                "http_tokens": "optional"
              }
            ],
            "monitoring": false,
            "network_interface": [],
            "network_interface_id": null,
            "outpost_arn": "",
            "password_data": "",
            "placement_group": "",
            "primary_network_interface_id": "eni-0bec83b210cad1e30",
            "private_dns": "ip-10-0-38-210.ap-south-1.compute.internal",
            "private_ip": "10.0.38.210",
            "public_dns": "ec2-13-127-68-160.ap-south-1.compute.amazonaws.com",
            "public_ip": "13.127.68.160",
            "root_block_device": [
              {
                "delete_on_termination": true,
                "device_name": "/dev/xvda",
                "encrypted": false,
                "iops": 100,
                "kms_key_id": "",
                "volume_id": "vol-0ef52aa3e9c76b371",
                "volume_size": 8,
                "volume_type": "gp2"
              }
            ],
            "security_groups": [],
            "source_dest_check": false,
            "subnet_id": "subnet-0fffc382f1876643a",
            "tags": null,
            "tenancy": "default",
            "timeouts": null,
            "user_data": null,
            "user_data_base64": null,
            "volume_tags": {},
            "vpc_security_group_ids": [
              "sg-05824c987b9216470"
            ]
          },
          "private": "eyJlMmJmYjczMC1lY2FhLTExZTYtOGY4OC0zNDM2M2JjN2M0YzAiOnsiY3JlYXRlIjo2MDAwMDAwMDAwMDAsImRlbGV0ZSI6MTIwMDAwMDAwMDAwMCwidXBkYXRlIjo2MDAwMDAwMDAwMDB9LCJzY2hlbWFfdmVyc2lvbiI6IjEifQ==",
          "dependencies": [
            "aws_key_pair.bastion",
            "aws_security_group.bastion",
            "aws_subnet.public",
            "aws_vpc.vpc"
          ]
        }
      ]
    },
    {
      "mode": "managed",
      "type": "aws_internet_gateway",
      "name": "ig",
      "provider": "provider.aws",
      "instances": [
        {
          "schema_version": 0,
          "attributes": {
            "arn": "arn:aws:ec2:ap-south-1:737627870383:internet-gateway/igw-0a23ed8826e46dab4",
            "id": "igw-0a23ed8826e46dab4",
            "owner_id": "737627870383",
            "tags": {
              "Name": "igw"
            },
            "vpc_id": "vpc-01f468ce514578a5d"
          },
          "private": "bnVsbA==",
          "dependencies": [
            "aws_vpc.vpc"
          ]
        }
      ]
    },
    {
      "mode": "managed",
      "type": "aws_key_pair",
      "name": "bastion",
      "provider": "provider.aws",
      "instances": [
        {
          "schema_version": 1,
          "attributes": {
            "arn": "arn:aws:ec2:ap-south-1:737627870383:key-pair/bastion",
            "fingerprint": "7b:46:47:2e:0e:fb:67:c9:e2:86:f5:9f:e1:81:a4:84",
            "id": "bastion",
            "key_name": "bastion",
            "key_name_prefix": null,
            "key_pair_id": "key-0c5ebb6bee19bd9bb",
            "public_key": "ssh-rsa AAAAB3NzaC1yc2EAAAADAQABAAABAQDHtp/w0q9jeEKwVh55JDHlHSYiVwDdJMKKP48ATIEj0s1ZaRR7RoCUIJhh4pkdc44cm0Nn0DF2b7/qk85ZOK5Ue2j+8WDymGX0upIG6D83h+mpdCNrOYnXJGzGuwj/SYZRxEl1i45wtls9S7UBMvPsfrMNcjKYL/01TSrySFsJ6JcyI6Come2avHonWUCDRewD4B0nkxilKUHvo8r/yU7QG812xxUSXDAw1INjL8GkGxTVwyPpO+WWtAqtTmZzlSNHMPqJBHS9c0eWVt4vhecuEuXNvBQ10fl2pD9jfmlLmaDjIQ8dNPB0tSyRT6SQq9ctr2yGtbPwyMqyGz7vvQqd",
            "tags": {}
          },
          "private": "eyJzY2hlbWFfdmVyc2lvbiI6IjEifQ==",
          "dependencies": [
            "tls_private_key.bastion"
          ]
        }
      ]
    },
    {
      "mode": "managed",
      "type": "aws_nat_gateway",
      "name": "nat",
      "each": "list",
      "provider": "provider.aws",
      "instances": [
        {
          "index_key": 0,
          "schema_version": 0,
          "attributes": {
            "allocation_id": "eipalloc-010a2d98063947f9d",
            "id": "nat-07ffd43c703b02903",
            "network_interface_id": "eni-0d56859f5d5629f2d",
            "private_ip": "10.0.146.84",
            "public_ip": "15.207.50.155",
            "subnet_id": "subnet-05ce2d0c827fe7b97",
            "tags": {
              "Name": "nat-gw"
            }
          },
          "private": "bnVsbA==",
          "dependencies": [
            "aws_eip.nat",
            "aws_subnet.private"
          ]
        }
      ]
    },
    {
      "mode": "managed",
      "type": "aws_route",
      "name": "private",
      "each": "list",
      "provider": "provider.aws",
      "instances": [
        {
          "index_key": 0,
          "schema_version": 0,
          "attributes": {
            "destination_cidr_block": "0.0.0.0/0",
            "destination_ipv6_cidr_block": "",
            "destination_prefix_list_id": "",
            "egress_only_gateway_id": "",
            "gateway_id": "",
            "id": "r-rtb-0d69e495523c245871080289494",
            "instance_id": "",
            "instance_owner_id": "",
            "nat_gateway_id": "nat-07ffd43c703b02903",
            "network_interface_id": "",
            "origin": "CreateRoute",
            "route_table_id": "rtb-0d69e495523c24587",
            "state": "active",
            "timeouts": null,
            "transit_gateway_id": "",
            "vpc_peering_connection_id": ""
          },
          "private": "eyJlMmJmYjczMC1lY2FhLTExZTYtOGY4OC0zNDM2M2JjN2M0YzAiOnsiY3JlYXRlIjoxMjAwMDAwMDAwMDAsImRlbGV0ZSI6MzAwMDAwMDAwMDAwfX0=",
          "dependencies": [
            "aws_eip.nat",
            "aws_nat_gateway.nat",
            "aws_route_table.private",
            "aws_subnet.private"
          ]
        }
      ]
    },
    {
      "mode": "managed",
      "type": "aws_route",
      "name": "public",
      "each": "list",
      "provider": "provider.aws",
      "instances": [
        {
          "index_key": 0,
          "schema_version": 0,
          "attributes": {
            "destination_cidr_block": "0.0.0.0/0",
            "destination_ipv6_cidr_block": "",
            "destination_prefix_list_id": "",
            "egress_only_gateway_id": "",
            "gateway_id": "igw-0a23ed8826e46dab4",
            "id": "r-rtb-01b19367482ff5ab51080289494",
            "instance_id": "",
            "instance_owner_id": "",
            "nat_gateway_id": "",
            "network_interface_id": "",
            "origin": "CreateRoute",
            "route_table_id": "rtb-01b19367482ff5ab5",
            "state": "active",
            "timeouts": null,
            "transit_gateway_id": "",
            "vpc_peering_connection_id": ""
          },
          "private": "eyJlMmJmYjczMC1lY2FhLTExZTYtOGY4OC0zNDM2M2JjN2M0YzAiOnsiY3JlYXRlIjoxMjAwMDAwMDAwMDAsImRlbGV0ZSI6MzAwMDAwMDAwMDAwfX0=",
          "dependencies": [
            "aws_internet_gateway.ig",
            "aws_route_table.public",
            "aws_vpc.vpc"
          ]
        }
      ]
    },
    {
      "mode": "managed",
      "type": "aws_route_table",
      "name": "private",
      "provider": "provider.aws",
      "instances": [
        {
          "schema_version": 0,
          "attributes": {
            "id": "rtb-0d69e495523c24587",
            "owner_id": "737627870383",
            "propagating_vgws": [],
            "route": [
              {
                "cidr_block": "0.0.0.0/0",
                "egress_only_gateway_id": "",
                "gateway_id": "",
                "instance_id": "",
                "ipv6_cidr_block": "",
                "nat_gateway_id": "nat-07ffd43c703b02903",
                "network_interface_id": "",
                "transit_gateway_id": "",
                "vpc_peering_connection_id": ""
              }
            ],
            "tags": {},
            "vpc_id": "vpc-01f468ce514578a5d"
          },
          "private": "bnVsbA==",
          "dependencies": [
            "aws_vpc.vpc"
          ]
        }
      ]
    },
    {
      "mode": "managed",
      "type": "aws_route_table",
      "name": "public",
      "provider": "provider.aws",
      "instances": [
        {
          "schema_version": 0,
          "attributes": {
            "id": "rtb-01b19367482ff5ab5",
            "owner_id": "737627870383",
            "propagating_vgws": [],
            "route": [
              {
                "cidr_block": "0.0.0.0/0",
                "egress_only_gateway_id": "",
                "gateway_id": "igw-0a23ed8826e46dab4",
                "instance_id": "",
                "ipv6_cidr_block": "",
                "nat_gateway_id": "",
                "network_interface_id": "",
                "transit_gateway_id": "",
                "vpc_peering_connection_id": ""
              }
            ],
            "tags": {},
            "vpc_id": "vpc-01f468ce514578a5d"
          },
          "private": "bnVsbA==",
          "dependencies": [
            "aws_vpc.vpc"
          ]
        }
      ]
    },
    {
      "mode": "managed",
      "type": "aws_route_table_association",
      "name": "private",
      "each": "list",
      "provider": "provider.aws",
      "instances": [
        {
          "index_key": 0,
          "schema_version": 0,
          "attributes": {
            "gateway_id": null,
            "id": "rtbassoc-034ee3a9c248f1732",
            "route_table_id": "rtb-0d69e495523c24587",
            "subnet_id": "subnet-05ce2d0c827fe7b97"
          },
          "private": "bnVsbA==",
          "dependencies": [
            "aws_route_table.private",
            "aws_subnet.private",
            "aws_vpc.vpc"
          ]
        },
        {
          "index_key": 1,
          "schema_version": 0,
          "attributes": {
            "gateway_id": null,
            "id": "rtbassoc-0e5eb3693387717f7",
            "route_table_id": "rtb-0d69e495523c24587",
            "subnet_id": "subnet-001ffeba8084d61e9"
          },
          "private": "bnVsbA==",
          "dependencies": [
            "aws_route_table.private",
            "aws_subnet.private",
            "aws_vpc.vpc"
          ]
        }
      ]
    },
    {
      "mode": "managed",
      "type": "aws_route_table_association",
      "name": "public",
      "each": "list",
      "provider": "provider.aws",
      "instances": [
        {
          "index_key": 0,
          "schema_version": 0,
          "attributes": {
            "gateway_id": null,
            "id": "rtbassoc-05cf716d0f0c9b06d",
            "route_table_id": "rtb-01b19367482ff5ab5",
            "subnet_id": "subnet-0c9c10053ef52bb5d"
          },
          "private": "bnVsbA==",
          "dependencies": [
            "aws_route_table.public",
            "aws_subnet.public",
            "aws_vpc.vpc"
          ]
        },
        {
          "index_key": 1,
          "schema_version": 0,
          "attributes": {
            "gateway_id": null,
            "id": "rtbassoc-012d8571e173a20cf",
            "route_table_id": "rtb-01b19367482ff5ab5",
            "subnet_id": "subnet-0fffc382f1876643a"
          },
          "private": "bnVsbA==",
          "dependencies": [
            "aws_route_table.public",
            "aws_subnet.public",
            "aws_vpc.vpc"
          ]
        }
      ]
    },
    {
      "mode": "managed",
      "type": "aws_security_group",
      "name": "bastion",
      "provider": "provider.aws",
      "instances": [
        {
          "schema_version": 1,
          "attributes": {
            "arn": "arn:aws:ec2:ap-south-1:737627870383:security-group/sg-05824c987b9216470",
            "description": "Managed by Terraform",
            "egress": [
              {
                "cidr_blocks": [
                  "0.0.0.0/0"
                ],
                "description": "",
                "from_port": 0,
                "ipv6_cidr_blocks": [],
                "prefix_list_ids": [],
                "protocol": "-1",
                "security_groups": [],
                "self": false,
                "to_port": 0
              }
            ],
            "id": "sg-05824c987b9216470",
            "ingress": [],
            "name": "demo-bastion",
            "name_prefix": null,
            "owner_id": "737627870383",
            "revoke_rules_on_delete": true,
            "tags": null,
            "timeouts": null,
            "vpc_id": "vpc-01f468ce514578a5d"
          },
          "private": "eyJlMmJmYjczMC1lY2FhLTExZTYtOGY4OC0zNDM2M2JjN2M0YzAiOnsiY3JlYXRlIjo2MDAwMDAwMDAwMDAsImRlbGV0ZSI6NjAwMDAwMDAwMDAwfSwic2NoZW1hX3ZlcnNpb24iOiIxIn0=",
          "dependencies": [
            "aws_vpc.vpc"
          ]
        }
      ]
    },
    {
      "mode": "managed",
      "type": "aws_security_group_rule",
      "name": "bastion-22",
      "provider": "provider.aws",
      "instances": [
        {
          "schema_version": 2,
          "attributes": {
            "cidr_blocks": [
              "0.0.0.0/0"
            ],
            "description": null,
            "from_port": 22,
            "id": "sgrule-873096796",
            "ipv6_cidr_blocks": null,
            "prefix_list_ids": null,
            "protocol": "tcp",
            "security_group_id": "sg-05824c987b9216470",
            "self": false,
            "source_security_group_id": null,
            "to_port": 22,
            "type": "ingress"
          },
          "private": "eyJzY2hlbWFfdmVyc2lvbiI6IjIifQ==",
          "dependencies": [
            "aws_security_group.bastion",
            "aws_vpc.vpc"
          ]
        }
      ]
    },
    {
      "mode": "managed",
      "type": "aws_security_group_rule",
      "name": "bastion-443",
      "provider": "provider.aws",
      "instances": [
        {
          "schema_version": 2,
          "attributes": {
            "cidr_blocks": [
              "0.0.0.0/0"
            ],
            "description": null,
            "from_port": 443,
            "id": "sgrule-2559853043",
            "ipv6_cidr_blocks": null,
            "prefix_list_ids": null,
            "protocol": "tcp",
            "security_group_id": "sg-05824c987b9216470",
            "self": false,
            "source_security_group_id": null,
            "to_port": 443,
            "type": "ingress"
          },
          "private": "eyJzY2hlbWFfdmVyc2lvbiI6IjIifQ==",
          "dependencies": [
            "aws_security_group.bastion",
            "aws_vpc.vpc"
          ]
        }
      ]
    },
    {
      "mode": "managed",
      "type": "aws_subnet",
      "name": "private",
      "each": "list",
      "provider": "provider.aws",
      "instances": [
        {
          "index_key": 0,
          "schema_version": 1,
          "attributes": {
            "arn": "arn:aws:ec2:ap-south-1:737627870383:subnet/subnet-05ce2d0c827fe7b97",
            "assign_ipv6_address_on_creation": false,
            "availability_zone": "ap-south-1a",
            "availability_zone_id": "aps1-az1",
            "cidr_block": "10.0.128.0/19",
            "id": "subnet-05ce2d0c827fe7b97",
            "ipv6_cidr_block": "",
            "ipv6_cidr_block_association_id": "",
            "map_public_ip_on_launch": false,
            "outpost_arn": "",
            "owner_id": "737627870383",
            "tags": {
              "Name": "private-subnet-0"
            },
            "timeouts": null,
            "vpc_id": "vpc-01f468ce514578a5d"
          },
          "private": "eyJlMmJmYjczMC1lY2FhLTExZTYtOGY4OC0zNDM2M2JjN2M0YzAiOnsiY3JlYXRlIjo2MDAwMDAwMDAwMDAsImRlbGV0ZSI6MTIwMDAwMDAwMDAwMH0sInNjaGVtYV92ZXJzaW9uIjoiMSJ9",
          "dependencies": [
            "aws_vpc.vpc"
          ]
        },
        {
          "index_key": 1,
          "schema_version": 1,
          "attributes": {
            "arn": "arn:aws:ec2:ap-south-1:737627870383:subnet/subnet-001ffeba8084d61e9",
            "assign_ipv6_address_on_creation": false,
            "availability_zone": "ap-south-1b",
            "availability_zone_id": "aps1-az3",
            "cidr_block": "10.0.160.0/19",
            "id": "subnet-001ffeba8084d61e9",
            "ipv6_cidr_block": "",
            "ipv6_cidr_block_association_id": "",
            "map_public_ip_on_launch": false,
            "outpost_arn": "",
            "owner_id": "737627870383",
            "tags": {
              "Name": "private-subnet-1"
            },
            "timeouts": null,
            "vpc_id": "vpc-01f468ce514578a5d"
          },
          "private": "eyJlMmJmYjczMC1lY2FhLTExZTYtOGY4OC0zNDM2M2JjN2M0YzAiOnsiY3JlYXRlIjo2MDAwMDAwMDAwMDAsImRlbGV0ZSI6MTIwMDAwMDAwMDAwMH0sInNjaGVtYV92ZXJzaW9uIjoiMSJ9",
          "dependencies": [
            "aws_vpc.vpc"
          ]
        }
      ]
    },
    {
      "mode": "managed",
      "type": "aws_subnet",
      "name": "public",
      "each": "list",
      "provider": "provider.aws",
      "instances": [
        {
          "index_key": 0,
          "schema_version": 1,
          "attributes": {
            "arn": "arn:aws:ec2:ap-south-1:737627870383:subnet/subnet-0c9c10053ef52bb5d",
            "assign_ipv6_address_on_creation": false,
            "availability_zone": "ap-south-1a",
            "availability_zone_id": "aps1-az1",
            "cidr_block": "10.0.0.0/19",
            "id": "subnet-0c9c10053ef52bb5d",
            "ipv6_cidr_block": "",
            "ipv6_cidr_block_association_id": "",
            "map_public_ip_on_launch": true,
            "outpost_arn": "",
            "owner_id": "737627870383",
            "tags": {
              "Name": "public-subnet-0"
            },
            "timeouts": null,
            "vpc_id": "vpc-01f468ce514578a5d"
          },
          "private": "eyJlMmJmYjczMC1lY2FhLTExZTYtOGY4OC0zNDM2M2JjN2M0YzAiOnsiY3JlYXRlIjo2MDAwMDAwMDAwMDAsImRlbGV0ZSI6MTIwMDAwMDAwMDAwMH0sInNjaGVtYV92ZXJzaW9uIjoiMSJ9",
          "dependencies": [
            "aws_vpc.vpc"
          ]
        },
        {
          "index_key": 1,
          "schema_version": 1,
          "attributes": {
            "arn": "arn:aws:ec2:ap-south-1:737627870383:subnet/subnet-0fffc382f1876643a",
            "assign_ipv6_address_on_creation": false,
            "availability_zone": "ap-south-1b",
            "availability_zone_id": "aps1-az3",
            "cidr_block": "10.0.32.0/19",
            "id": "subnet-0fffc382f1876643a",
            "ipv6_cidr_block": "",
            "ipv6_cidr_block_association_id": "",
            "map_public_ip_on_launch": true,
            "outpost_arn": "",
            "owner_id": "737627870383",
            "tags": {
              "Name": "public-subnet-1"
            },
            "timeouts": null,
            "vpc_id": "vpc-01f468ce514578a5d"
          },
          "private": "eyJlMmJmYjczMC1lY2FhLTExZTYtOGY4OC0zNDM2M2JjN2M0YzAiOnsiY3JlYXRlIjo2MDAwMDAwMDAwMDAsImRlbGV0ZSI6MTIwMDAwMDAwMDAwMH0sInNjaGVtYV92ZXJzaW9uIjoiMSJ9",
          "dependencies": [
            "aws_vpc.vpc"
          ]
        }
      ]
    },
    {
      "mode": "managed",
      "type": "aws_vpc",
      "name": "vpc",
      "provider": "provider.aws",
      "instances": [
        {
          "schema_version": 1,
          "attributes": {
            "arn": "arn:aws:ec2:ap-south-1:737627870383:vpc/vpc-01f468ce514578a5d",
            "assign_generated_ipv6_cidr_block": false,
            "cidr_block": "10.0.0.0/16",
            "default_network_acl_id": "acl-0b187dab431a33020",
            "default_route_table_id": "rtb-0774966cdd21faca5",
            "default_security_group_id": "sg-0cdb6efcb9df33c29",
            "dhcp_options_id": "dopt-ce35f3a5",
            "enable_classiclink": null,
            "enable_classiclink_dns_support": null,
            "enable_dns_hostnames": true,
            "enable_dns_support": true,
            "id": "vpc-01f468ce514578a5d",
            "instance_tenancy": "default",
            "ipv6_association_id": "",
            "ipv6_cidr_block": "",
            "main_route_table_id": "rtb-0774966cdd21faca5",
            "owner_id": "737627870383",
            "tags": {
              "Name": "datacenter"
            }
          },
          "private": "eyJzY2hlbWFfdmVyc2lvbiI6IjEifQ=="
        }
      ]
    },
    {
      "mode": "managed",
      "type": "tls_private_key",
      "name": "bastion",
      "provider": "provider.tls",
      "instances": [
        {
          "schema_version": 0,
          "attributes": {
            "algorithm": "RSA",
            "ecdsa_curve": "P224",
            "id": "0ae2472f4d51a99537c8e1a3d38780ac38f62a5a",
            "private_key_pem": "-----BEGIN RSA PRIVATE KEY-----\nMIIEpgIBAAKCAQEAx7af8NKvY3hCsFYeeSQx5R0mIlcA3STCij+PAEyBI9LNWWkU\ne0aAlCCYYeKZHXOOHJtDZ9Axdm+/6pPOWTiuVHto/vFg8phl9LqSBug/N4fpqXQj\nazmJ1yRsxrsI/0mGUcRJdYuOcLZbPUu1ATLz7H6zDXIymC/9NU0q8khbCeiXMiOg\nqJntmrx6J1lAg0XsA+AdJ5MYpSlB76PK/8lO0BvNdscVElwwMNSDYy/BpBsU1cMj\n6TvllrQKrU5mc5UjRzD6iQR0vXNHllbeL4XnLhLlzbwUNdH5dqQ/Y35pS5mg4yEP\nHTTwdLUskU+kkKvXLa9shrWz8MjKshs+770KnQIDAQABAoIBAQCPJUkSlhB8XXB/\nb9q7vcO9kt0IdA/8ciK2cMQQ1MUjZi8lzPmPOoNiqNJQJtjUkUTlICx6NnGdkI+g\nlXyr2sKpbyNcyKpSeAVsGmYcaU8WgGZsvP++FSnFeSg2cU0LnimWZfi5NeRMyYgw\nMRl12I2Zj17LXnUBPDRjhgIoUtBeEoCQFaZhVhANrrFTi4p2SK5y+DmNP502k2Qb\n4FszffN7doJPr/dSCv6Gjw3R7Ux1b9T5IBk13Uu08xZGfvgd4nK2VFKIc1l7tl++\nTSfOv154d4FfVp64shr167iiZpS7X6y4yq6yknw4I6LQijA+XMSxWNrGc08nPVlG\nbWia7TPBAoGBAPsfsh1WdipgPZF2zTeqg7wd0ekDwLjF+obw2Cxw6jUanfdzG58Y\nsBrC8FTa8Pt9G2YMS+OLePUAKEsitkqk+UNxfHcHNNZWuVjLqA9IHJJa8gVECbqv\nKL09wrpCT3TPTsssq2LZJ0aJfaPmHb4SeUFazsAIxbaXDVNBM9vtgiOVAoGBAMuX\nX9TKU+NL8SdOiybSWq4Yvv47r4abrYAhWwq858KlUQdd6tY4F79QR39N3FC/jHMQ\nBjhjToBPOaU4lBVT+VBTZ7XIbjK0/I3sQn9yMLN3nXjKWnn3k7BCetTZVlRLLSH8\nZSFJ2z+iCZj5QLKj7Tmcsq03EUeCO45wxPL69gjpAoGBAIm25BK6q6qphJoVMI1q\ncTvkjozehf3OdIkz4xjcA1SD+EUPVwJ0o37JkMq4FpeUEEZyT9vFTNvu7inmK1nc\nBuY5giw0Q4GXpaVQaiWXQjPws/C3Uy6RiCHfkL5cRv6kAW3iXUqkE6nXFJOhSoZF\n00FH70HYjbSIOcKCa1IcedXRAoGBAJABXpORGY0o5ka7U8n9+I40isQhS6KW8z4y\nWcdan0Qa0xm24KjtvD5idnAhjri/BIVOzFeORrSTVV78iiIb57ldhXobb3cGda2d\nc9vZ1YDcFtKdrymeaSS/oUp1AI9XLXFgqdfF+gMkhk1h4NV7Bg0+PVQwI1TFVYMH\nWQfVY7ohAoGBAOfy8+RazPoLoduLXUA1ORdwNYnIvVqgoQaCBNlkVy0YYBDBEpon\nlM0XyTOq45vfjpD9hhVqzlK6GGQ1gPn/QKhcncR0InSggB8m2Tl4gG+bPl9lb2SR\nMCoW+MHB4lh+5ObXzHG3jK/aBjZwYFeppTYRN7aFe/LiAFN0QUUUF0yZ\n-----END RSA PRIVATE KEY-----\n",
            "public_key_fingerprint_md5": "1a:1c:3c:c5:4f:05:94:a4:c3:cb:89:57:c4:01:fb:38",
            "public_key_openssh": "ssh-rsa AAAAB3NzaC1yc2EAAAADAQABAAABAQDHtp/w0q9jeEKwVh55JDHlHSYiVwDdJMKKP48ATIEj0s1ZaRR7RoCUIJhh4pkdc44cm0Nn0DF2b7/qk85ZOK5Ue2j+8WDymGX0upIG6D83h+mpdCNrOYnXJGzGuwj/SYZRxEl1i45wtls9S7UBMvPsfrMNcjKYL/01TSrySFsJ6JcyI6Come2avHonWUCDRewD4B0nkxilKUHvo8r/yU7QG812xxUSXDAw1INjL8GkGxTVwyPpO+WWtAqtTmZzlSNHMPqJBHS9c0eWVt4vhecuEuXNvBQ10fl2pD9jfmlLmaDjIQ8dNPB0tSyRT6SQq9ctr2yGtbPwyMqyGz7vvQqd\n",
            "public_key_pem": "-----BEGIN PUBLIC KEY-----\nMIIBIjANBgkqhkiG9w0BAQEFAAOCAQ8AMIIBCgKCAQEAx7af8NKvY3hCsFYeeSQx\n5R0mIlcA3STCij+PAEyBI9LNWWkUe0aAlCCYYeKZHXOOHJtDZ9Axdm+/6pPOWTiu\nVHto/vFg8phl9LqSBug/N4fpqXQjazmJ1yRsxrsI/0mGUcRJdYuOcLZbPUu1ATLz\n7H6zDXIymC/9NU0q8khbCeiXMiOgqJntmrx6J1lAg0XsA+AdJ5MYpSlB76PK/8lO\n0BvNdscVElwwMNSDYy/BpBsU1cMj6TvllrQKrU5mc5UjRzD6iQR0vXNHllbeL4Xn\nLhLlzbwUNdH5dqQ/Y35pS5mg4yEPHTTwdLUskU+kkKvXLa9shrWz8MjKshs+770K\nnQIDAQAB\n-----END PUBLIC KEY-----\n",
            "rsa_bits": 2048
          },
          "private": "bnVsbA=="
        }
      ]
    }
  ]
}
